// !$*UTF8*$!
{
	archiveVersion = 1;
	classes = {
	};
	objectVersion = 56;
	objects = {

/* Begin PBXBuildFile section */
		CD03BA8B2A5ADDF000A54F85 /* AppDelegate.swift in Sources */ = {isa = PBXBuildFile; fileRef = CD03BA8A2A5ADDF000A54F85 /* AppDelegate.swift */; };
		CD03BA8D2A5ADDF000A54F85 /* SceneDelegate.swift in Sources */ = {isa = PBXBuildFile; fileRef = CD03BA8C2A5ADDF000A54F85 /* SceneDelegate.swift */; };
		CD03BA8F2A5ADDF000A54F85 /* ViewController.swift in Sources */ = {isa = PBXBuildFile; fileRef = CD03BA8E2A5ADDF000A54F85 /* ViewController.swift */; };
		CD03BA922A5ADDF000A54F85 /* Main.storyboard in Resources */ = {isa = PBXBuildFile; fileRef = CD03BA902A5ADDF000A54F85 /* Main.storyboard */; };
		CD03BA942A5ADDF100A54F85 /* Assets.xcassets in Resources */ = {isa = PBXBuildFile; fileRef = CD03BA932A5ADDF100A54F85 /* Assets.xcassets */; };
		CD03BA972A5ADDF100A54F85 /* LaunchScreen.storyboard in Resources */ = {isa = PBXBuildFile; fileRef = CD03BA952A5ADDF100A54F85 /* LaunchScreen.storyboard */; };
		CD03BAA22A5ADDF100A54F85 /* InstaSearchViewTests.swift in Sources */ = {isa = PBXBuildFile; fileRef = CD03BAA12A5ADDF100A54F85 /* InstaSearchViewTests.swift */; };
		CD03BAAC2A5ADDF100A54F85 /* InstaSearchViewUITests.swift in Sources */ = {isa = PBXBuildFile; fileRef = CD03BAAB2A5ADDF100A54F85 /* InstaSearchViewUITests.swift */; };
		CD03BAAE2A5ADDF100A54F85 /* InstaSearchViewUITestsLaunchTests.swift in Sources */ = {isa = PBXBuildFile; fileRef = CD03BAAD2A5ADDF100A54F85 /* InstaSearchViewUITestsLaunchTests.swift */; };
/* End PBXBuildFile section */

/* Begin PBXContainerItemProxy section */
		CD03BA9E2A5ADDF100A54F85 /* PBXContainerItemProxy */ = {
			isa = PBXContainerItemProxy;
			containerPortal = CD03BA7F2A5ADDF000A54F85 /* Project object */;
			proxyType = 1;
			remoteGlobalIDString = CD03BA862A5ADDF000A54F85;
			remoteInfo = InstaSearchView;
		};
		CD03BAA82A5ADDF100A54F85 /* PBXContainerItemProxy */ = {
			isa = PBXContainerItemProxy;
			containerPortal = CD03BA7F2A5ADDF000A54F85 /* Project object */;
			proxyType = 1;
			remoteGlobalIDString = CD03BA862A5ADDF000A54F85;
			remoteInfo = InstaSearchView;
		};
/* End PBXContainerItemProxy section */

/* Begin PBXFileReference section */
		CD03BA872A5ADDF000A54F85 /* InstaSearchView.app */ = {isa = PBXFileReference; explicitFileType = wrapper.application; includeInIndex = 0; path = InstaSearchView.app; sourceTree = BUILT_PRODUCTS_DIR; };
		CD03BA8A2A5ADDF000A54F85 /* AppDelegate.swift */ = {isa = PBXFileReference; lastKnownFileType = sourcecode.swift; path = AppDelegate.swift; sourceTree = "<group>"; };
		CD03BA8C2A5ADDF000A54F85 /* SceneDelegate.swift */ = {isa = PBXFileReference; lastKnownFileType = sourcecode.swift; path = SceneDelegate.swift; sourceTree = "<group>"; };
		CD03BA8E2A5ADDF000A54F85 /* ViewController.swift */ = {isa = PBXFileReference; lastKnownFileType = sourcecode.swift; path = ViewController.swift; sourceTree = "<group>"; };
		CD03BA912A5ADDF000A54F85 /* Base */ = {isa = PBXFileReference; lastKnownFileType = file.storyboard; name = Base; path = Base.lproj/Main.storyboard; sourceTree = "<group>"; };
		CD03BA932A5ADDF100A54F85 /* Assets.xcassets */ = {isa = PBXFileReference; lastKnownFileType = folder.assetcatalog; path = Assets.xcassets; sourceTree = "<group>"; };
		CD03BA962A5ADDF100A54F85 /* Base */ = {isa = PBXFileReference; lastKnownFileType = file.storyboard; name = Base; path = Base.lproj/LaunchScreen.storyboard; sourceTree = "<group>"; };
		CD03BA982A5ADDF100A54F85 /* Info.plist */ = {isa = PBXFileReference; lastKnownFileType = text.plist.xml; path = Info.plist; sourceTree = "<group>"; };
		CD03BA9D2A5ADDF100A54F85 /* InstaSearchViewTests.xctest */ = {isa = PBXFileReference; explicitFileType = wrapper.cfbundle; includeInIndex = 0; path = InstaSearchViewTests.xctest; sourceTree = BUILT_PRODUCTS_DIR; };
		CD03BAA12A5ADDF100A54F85 /* InstaSearchViewTests.swift */ = {isa = PBXFileReference; lastKnownFileType = sourcecode.swift; path = InstaSearchViewTests.swift; sourceTree = "<group>"; };
		CD03BAA72A5ADDF100A54F85 /* InstaSearchViewUITests.xctest */ = {isa = PBXFileReference; explicitFileType = wrapper.cfbundle; includeInIndex = 0; path = InstaSearchViewUITests.xctest; sourceTree = BUILT_PRODUCTS_DIR; };
		CD03BAAB2A5ADDF100A54F85 /* InstaSearchViewUITests.swift */ = {isa = PBXFileReference; lastKnownFileType = sourcecode.swift; path = InstaSearchViewUITests.swift; sourceTree = "<group>"; };
		CD03BAAD2A5ADDF100A54F85 /* InstaSearchViewUITestsLaunchTests.swift */ = {isa = PBXFileReference; lastKnownFileType = sourcecode.swift; path = InstaSearchViewUITestsLaunchTests.swift; sourceTree = "<group>"; };
/* End PBXFileReference section */

/* Begin PBXFrameworksBuildPhase section */
		CD03BA842A5ADDF000A54F85 /* Frameworks */ = {
			isa = PBXFrameworksBuildPhase;
			buildActionMask = 2147483647;
			files = (
			);
			runOnlyForDeploymentPostprocessing = 0;
		};
		CD03BA9A2A5ADDF100A54F85 /* Frameworks */ = {
			isa = PBXFrameworksBuildPhase;
			buildActionMask = 2147483647;
			files = (
			);
			runOnlyForDeploymentPostprocessing = 0;
		};
		CD03BAA42A5ADDF100A54F85 /* Frameworks */ = {
			isa = PBXFrameworksBuildPhase;
			buildActionMask = 2147483647;
			files = (
			);
			runOnlyForDeploymentPostprocessing = 0;
		};
/* End PBXFrameworksBuildPhase section */

/* Begin PBXGroup section */
		CD03BA7E2A5ADDF000A54F85 = {
			isa = PBXGroup;
			children = (
				CD03BA892A5ADDF000A54F85 /* InstaSearchView */,
				CD03BAA02A5ADDF100A54F85 /* InstaSearchViewTests */,
				CD03BAAA2A5ADDF100A54F85 /* InstaSearchViewUITests */,
				CD03BA882A5ADDF000A54F85 /* Products */,
			);
			sourceTree = "<group>";
		};
		CD03BA882A5ADDF000A54F85 /* Products */ = {
			isa = PBXGroup;
			children = (
				CD03BA872A5ADDF000A54F85 /* InstaSearchView.app */,
				CD03BA9D2A5ADDF100A54F85 /* InstaSearchViewTests.xctest */,
				CD03BAA72A5ADDF100A54F85 /* InstaSearchViewUITests.xctest */,
			);
			name = Products;
			sourceTree = "<group>";
		};
		CD03BA892A5ADDF000A54F85 /* InstaSearchView */ = {
			isa = PBXGroup;
			children = (
				CD03BA8A2A5ADDF000A54F85 /* AppDelegate.swift */,
				CD03BA8C2A5ADDF000A54F85 /* SceneDelegate.swift */,
				CD03BA8E2A5ADDF000A54F85 /* ViewController.swift */,
				CD03BA902A5ADDF000A54F85 /* Main.storyboard */,
				CD03BA932A5ADDF100A54F85 /* Assets.xcassets */,
				CD03BA952A5ADDF100A54F85 /* LaunchScreen.storyboard */,
				CD03BA982A5ADDF100A54F85 /* Info.plist */,
			);
			path = InstaSearchView;
			sourceTree = "<group>";
		};
		CD03BAA02A5ADDF100A54F85 /* InstaSearchViewTests */ = {
			isa = PBXGroup;
			children = (
				CD03BAA12A5ADDF100A54F85 /* InstaSearchViewTests.swift */,
			);
			path = InstaSearchViewTests;
			sourceTree = "<group>";
		};
		CD03BAAA2A5ADDF100A54F85 /* InstaSearchViewUITests */ = {
			isa = PBXGroup;
			children = (
				CD03BAAB2A5ADDF100A54F85 /* InstaSearchViewUITests.swift */,
				CD03BAAD2A5ADDF100A54F85 /* InstaSearchViewUITestsLaunchTests.swift */,
			);
			path = InstaSearchViewUITests;
			sourceTree = "<group>";
		};
/* End PBXGroup section */

/* Begin PBXNativeTarget section */
		CD03BA862A5ADDF000A54F85 /* InstaSearchView */ = {
			isa = PBXNativeTarget;
			buildConfigurationList = CD03BAB12A5ADDF100A54F85 /* Build configuration list for PBXNativeTarget "InstaSearchView" */;
			buildPhases = (
				CD03BA832A5ADDF000A54F85 /* Sources */,
				CD03BA842A5ADDF000A54F85 /* Frameworks */,
				CD03BA852A5ADDF000A54F85 /* Resources */,
			);
			buildRules = (
			);
			dependencies = (
			);
			name = InstaSearchView;
			productName = InstaSearchView;
			productReference = CD03BA872A5ADDF000A54F85 /* InstaSearchView.app */;
			productType = "com.apple.product-type.application";
		};
		CD03BA9C2A5ADDF100A54F85 /* InstaSearchViewTests */ = {
			isa = PBXNativeTarget;
			buildConfigurationList = CD03BAB42A5ADDF100A54F85 /* Build configuration list for PBXNativeTarget "InstaSearchViewTests" */;
			buildPhases = (
				CD03BA992A5ADDF100A54F85 /* Sources */,
				CD03BA9A2A5ADDF100A54F85 /* Frameworks */,
				CD03BA9B2A5ADDF100A54F85 /* Resources */,
			);
			buildRules = (
			);
			dependencies = (
				CD03BA9F2A5ADDF100A54F85 /* PBXTargetDependency */,
			);
			name = InstaSearchViewTests;
			productName = InstaSearchViewTests;
			productReference = CD03BA9D2A5ADDF100A54F85 /* InstaSearchViewTests.xctest */;
			productType = "com.apple.product-type.bundle.unit-test";
		};
		CD03BAA62A5ADDF100A54F85 /* InstaSearchViewUITests */ = {
			isa = PBXNativeTarget;
			buildConfigurationList = CD03BAB72A5ADDF100A54F85 /* Build configuration list for PBXNativeTarget "InstaSearchViewUITests" */;
			buildPhases = (
				CD03BAA32A5ADDF100A54F85 /* Sources */,
				CD03BAA42A5ADDF100A54F85 /* Frameworks */,
				CD03BAA52A5ADDF100A54F85 /* Resources */,
			);
			buildRules = (
			);
			dependencies = (
				CD03BAA92A5ADDF100A54F85 /* PBXTargetDependency */,
			);
			name = InstaSearchViewUITests;
			productName = InstaSearchViewUITests;
			productReference = CD03BAA72A5ADDF100A54F85 /* InstaSearchViewUITests.xctest */;
			productType = "com.apple.product-type.bundle.ui-testing";
		};
/* End PBXNativeTarget section */

/* Begin PBXProject section */
		CD03BA7F2A5ADDF000A54F85 /* Project object */ = {
			isa = PBXProject;
			attributes = {
				BuildIndependentTargetsInParallel = 1;
				LastSwiftUpdateCheck = 1420;
				LastUpgradeCheck = 1420;
				TargetAttributes = {
					CD03BA862A5ADDF000A54F85 = {
						CreatedOnToolsVersion = 14.2;
					};
					CD03BA9C2A5ADDF100A54F85 = {
						CreatedOnToolsVersion = 14.2;
						TestTargetID = CD03BA862A5ADDF000A54F85;
					};
					CD03BAA62A5ADDF100A54F85 = {
						CreatedOnToolsVersion = 14.2;
						TestTargetID = CD03BA862A5ADDF000A54F85;
					};
				};
			};
			buildConfigurationList = CD03BA822A5ADDF000A54F85 /* Build configuration list for PBXProject "InstaSearchView" */;
			compatibilityVersion = "Xcode 14.0";
			developmentRegion = en;
			hasScannedForEncodings = 0;
			knownRegions = (
				en,
				Base,
			);
			mainGroup = CD03BA7E2A5ADDF000A54F85;
			productRefGroup = CD03BA882A5ADDF000A54F85 /* Products */;
			projectDirPath = "";
			projectRoot = "";
			targets = (
				CD03BA862A5ADDF000A54F85 /* InstaSearchView */,
				CD03BA9C2A5ADDF100A54F85 /* InstaSearchViewTests */,
				CD03BAA62A5ADDF100A54F85 /* InstaSearchViewUITests */,
			);
		};
/* End PBXProject section */

/* Begin PBXResourcesBuildPhase section */
		CD03BA852A5ADDF000A54F85 /* Resources */ = {
			isa = PBXResourcesBuildPhase;
			buildActionMask = 2147483647;
			files = (
				CD03BA972A5ADDF100A54F85 /* LaunchScreen.storyboard in Resources */,
				CD03BA942A5ADDF100A54F85 /* Assets.xcassets in Resources */,
				CD03BA922A5ADDF000A54F85 /* Main.storyboard in Resources */,
			);
			runOnlyForDeploymentPostprocessing = 0;
		};
		CD03BA9B2A5ADDF100A54F85 /* Resources */ = {
			isa = PBXResourcesBuildPhase;
			buildActionMask = 2147483647;
			files = (
			);
			runOnlyForDeploymentPostprocessing = 0;
		};
		CD03BAA52A5ADDF100A54F85 /* Resources */ = {
			isa = PBXResourcesBuildPhase;
			buildActionMask = 2147483647;
			files = (
			);
			runOnlyForDeploymentPostprocessing = 0;
		};
/* End PBXResourcesBuildPhase section */

/* Begin PBXSourcesBuildPhase section */
		CD03BA832A5ADDF000A54F85 /* Sources */ = {
			isa = PBXSourcesBuildPhase;
			buildActionMask = 2147483647;
			files = (
				CD03BA8F2A5ADDF000A54F85 /* ViewController.swift in Sources */,
				CD03BA8B2A5ADDF000A54F85 /* AppDelegate.swift in Sources */,
				CD03BA8D2A5ADDF000A54F85 /* SceneDelegate.swift in Sources */,
			);
			runOnlyForDeploymentPostprocessing = 0;
		};
		CD03BA992A5ADDF100A54F85 /* Sources */ = {
			isa = PBXSourcesBuildPhase;
			buildActionMask = 2147483647;
			files = (
				CD03BAA22A5ADDF100A54F85 /* InstaSearchViewTests.swift in Sources */,
			);
			runOnlyForDeploymentPostprocessing = 0;
		};
		CD03BAA32A5ADDF100A54F85 /* Sources */ = {
			isa = PBXSourcesBuildPhase;
			buildActionMask = 2147483647;
			files = (
				CD03BAAC2A5ADDF100A54F85 /* InstaSearchViewUITests.swift in Sources */,
				CD03BAAE2A5ADDF100A54F85 /* InstaSearchViewUITestsLaunchTests.swift in Sources */,
			);
			runOnlyForDeploymentPostprocessing = 0;
		};
/* End PBXSourcesBuildPhase section */

/* Begin PBXTargetDependency section */
		CD03BA9F2A5ADDF100A54F85 /* PBXTargetDependency */ = {
			isa = PBXTargetDependency;
			target = CD03BA862A5ADDF000A54F85 /* InstaSearchView */;
			targetProxy = CD03BA9E2A5ADDF100A54F85 /* PBXContainerItemProxy */;
		};
		CD03BAA92A5ADDF100A54F85 /* PBXTargetDependency */ = {
			isa = PBXTargetDependency;
			target = CD03BA862A5ADDF000A54F85 /* InstaSearchView */;
			targetProxy = CD03BAA82A5ADDF100A54F85 /* PBXContainerItemProxy */;
		};
/* End PBXTargetDependency section */

/* Begin PBXVariantGroup section */
		CD03BA902A5ADDF000A54F85 /* Main.storyboard */ = {
			isa = PBXVariantGroup;
			children = (
				CD03BA912A5ADDF000A54F85 /* Base */,
			);
			name = Main.storyboard;
			sourceTree = "<group>";
		};
		CD03BA952A5ADDF100A54F85 /* LaunchScreen.storyboard */ = {
			isa = PBXVariantGroup;
			children = (
				CD03BA962A5ADDF100A54F85 /* Base */,
			);
			name = LaunchScreen.storyboard;
			sourceTree = "<group>";
		};
/* End PBXVariantGroup section */

/* Begin XCBuildConfiguration section */
		CD03BAAF2A5ADDF100A54F85 /* Debug */ = {
			isa = XCBuildConfiguration;
			buildSettings = {
				ALWAYS_SEARCH_USER_PATHS = NO;
				CLANG_ANALYZER_NONNULL = YES;
				CLANG_ANALYZER_NUMBER_OBJECT_CONVERSION = YES_AGGRESSIVE;
				CLANG_CXX_LANGUAGE_STANDARD = "gnu++20";
				CLANG_ENABLE_MODULES = YES;
				CLANG_ENABLE_OBJC_ARC = YES;
				CLANG_ENABLE_OBJC_WEAK = YES;
				CLANG_WARN_BLOCK_CAPTURE_AUTORELEASING = YES;
				CLANG_WARN_BOOL_CONVERSION = YES;
				CLANG_WARN_COMMA = YES;
				CLANG_WARN_CONSTANT_CONVERSION = YES;
				CLANG_WARN_DEPRECATED_OBJC_IMPLEMENTATIONS = YES;
				CLANG_WARN_DIRECT_OBJC_ISA_USAGE = YES_ERROR;
				CLANG_WARN_DOCUMENTATION_COMMENTS = YES;
				CLANG_WARN_EMPTY_BODY = YES;
				CLANG_WARN_ENUM_CONVERSION = YES;
				CLANG_WARN_INFINITE_RECURSION = YES;
				CLANG_WARN_INT_CONVERSION = YES;
				CLANG_WARN_NON_LITERAL_NULL_CONVERSION = YES;
				CLANG_WARN_OBJC_IMPLICIT_RETAIN_SELF = YES;
				CLANG_WARN_OBJC_LITERAL_CONVERSION = YES;
				CLANG_WARN_OBJC_ROOT_CLASS = YES_ERROR;
				CLANG_WARN_QUOTED_INCLUDE_IN_FRAMEWORK_HEADER = YES;
				CLANG_WARN_RANGE_LOOP_ANALYSIS = YES;
				CLANG_WARN_STRICT_PROTOTYPES = YES;
				CLANG_WARN_SUSPICIOUS_MOVE = YES;
				CLANG_WARN_UNGUARDED_AVAILABILITY = YES_AGGRESSIVE;
				CLANG_WARN_UNREACHABLE_CODE = YES;
				CLANG_WARN__DUPLICATE_METHOD_MATCH = YES;
				COPY_PHASE_STRIP = NO;
				DEBUG_INFORMATION_FORMAT = dwarf;
				ENABLE_STRICT_OBJC_MSGSEND = YES;
				ENABLE_TESTABILITY = YES;
				GCC_C_LANGUAGE_STANDARD = gnu11;
				GCC_DYNAMIC_NO_PIC = NO;
				GCC_NO_COMMON_BLOCKS = YES;
				GCC_OPTIMIZATION_LEVEL = 0;
				GCC_PREPROCESSOR_DEFINITIONS = (
					"DEBUG=1",
					"$(inherited)",
				);
				GCC_WARN_64_TO_32_BIT_CONVERSION = YES;
				GCC_WARN_ABOUT_RETURN_TYPE = YES_ERROR;
				GCC_WARN_UNDECLARED_SELECTOR = YES;
				GCC_WARN_UNINITIALIZED_AUTOS = YES_AGGRESSIVE;
				GCC_WARN_UNUSED_FUNCTION = YES;
				GCC_WARN_UNUSED_VARIABLE = YES;
				IPHONEOS_DEPLOYMENT_TARGET = 16.2;
				MTL_ENABLE_DEBUG_INFO = INCLUDE_SOURCE;
				MTL_FAST_MATH = YES;
				ONLY_ACTIVE_ARCH = YES;
				SDKROOT = iphoneos;
				SWIFT_ACTIVE_COMPILATION_CONDITIONS = DEBUG;
				SWIFT_OPTIMIZATION_LEVEL = "-Onone";
			};
			name = Debug;
		};
		CD03BAB02A5ADDF100A54F85 /* Release */ = {
			isa = XCBuildConfiguration;
			buildSettings = {
				ALWAYS_SEARCH_USER_PATHS = NO;
				CLANG_ANALYZER_NONNULL = YES;
				CLANG_ANALYZER_NUMBER_OBJECT_CONVERSION = YES_AGGRESSIVE;
				CLANG_CXX_LANGUAGE_STANDARD = "gnu++20";
				CLANG_ENABLE_MODULES = YES;
				CLANG_ENABLE_OBJC_ARC = YES;
				CLANG_ENABLE_OBJC_WEAK = YES;
				CLANG_WARN_BLOCK_CAPTURE_AUTORELEASING = YES;
				CLANG_WARN_BOOL_CONVERSION = YES;
				CLANG_WARN_COMMA = YES;
				CLANG_WARN_CONSTANT_CONVERSION = YES;
				CLANG_WARN_DEPRECATED_OBJC_IMPLEMENTATIONS = YES;
				CLANG_WARN_DIRECT_OBJC_ISA_USAGE = YES_ERROR;
				CLANG_WARN_DOCUMENTATION_COMMENTS = YES;
				CLANG_WARN_EMPTY_BODY = YES;
				CLANG_WARN_ENUM_CONVERSION = YES;
				CLANG_WARN_INFINITE_RECURSION = YES;
				CLANG_WARN_INT_CONVERSION = YES;
				CLANG_WARN_NON_LITERAL_NULL_CONVERSION = YES;
				CLANG_WARN_OBJC_IMPLICIT_RETAIN_SELF = YES;
				CLANG_WARN_OBJC_LITERAL_CONVERSION = YES;
				CLANG_WARN_OBJC_ROOT_CLASS = YES_ERROR;
				CLANG_WARN_QUOTED_INCLUDE_IN_FRAMEWORK_HEADER = YES;
				CLANG_WARN_RANGE_LOOP_ANALYSIS = YES;
				CLANG_WARN_STRICT_PROTOTYPES = YES;
				CLANG_WARN_SUSPICIOUS_MOVE = YES;
				CLANG_WARN_UNGUARDED_AVAILABILITY = YES_AGGRESSIVE;
				CLANG_WARN_UNREACHABLE_CODE = YES;
				CLANG_WARN__DUPLICATE_METHOD_MATCH = YES;
				COPY_PHASE_STRIP = NO;
				DEBUG_INFORMATION_FORMAT = "dwarf-with-dsym";
				ENABLE_NS_ASSERTIONS = NO;
				ENABLE_STRICT_OBJC_MSGSEND = YES;
				GCC_C_LANGUAGE_STANDARD = gnu11;
				GCC_NO_COMMON_BLOCKS = YES;
				GCC_WARN_64_TO_32_BIT_CONVERSION = YES;
				GCC_WARN_ABOUT_RETURN_TYPE = YES_ERROR;
				GCC_WARN_UNDECLARED_SELECTOR = YES;
				GCC_WARN_UNINITIALIZED_AUTOS = YES_AGGRESSIVE;
				GCC_WARN_UNUSED_FUNCTION = YES;
				GCC_WARN_UNUSED_VARIABLE = YES;
				IPHONEOS_DEPLOYMENT_TARGET = 16.2;
				MTL_ENABLE_DEBUG_INFO = NO;
				MTL_FAST_MATH = YES;
				SDKROOT = iphoneos;
				SWIFT_COMPILATION_MODE = wholemodule;
				SWIFT_OPTIMIZATION_LEVEL = "-O";
				VALIDATE_PRODUCT = YES;
			};
			name = Release;
		};
		CD03BAB22A5ADDF100A54F85 /* Debug */ = {
			isa = XCBuildConfiguration;
			buildSettings = {
				ASSETCATALOG_COMPILER_APPICON_NAME = AppIcon;
				ASSETCATALOG_COMPILER_GLOBAL_ACCENT_COLOR_NAME = AccentColor;
				CODE_SIGN_STYLE = Automatic;
				CURRENT_PROJECT_VERSION = 1;
				DEVELOPMENT_TEAM = P3KXNQ9736;
				GENERATE_INFOPLIST_FILE = YES;
				INFOPLIST_FILE = InstaSearchView/Info.plist;
				INFOPLIST_KEY_UIApplicationSupportsIndirectInputEvents = YES;
				INFOPLIST_KEY_UILaunchStoryboardName = LaunchScreen;
				INFOPLIST_KEY_UIMainStoryboardFile = Main;
				INFOPLIST_KEY_UISupportedInterfaceOrientations_iPad = "UIInterfaceOrientationPortrait UIInterfaceOrientationPortraitUpsideDown UIInterfaceOrientationLandscapeLeft UIInterfaceOrientationLandscapeRight";
				INFOPLIST_KEY_UISupportedInterfaceOrientations_iPhone = "UIInterfaceOrientationPortrait UIInterfaceOrientationLandscapeLeft UIInterfaceOrientationLandscapeRight";
				LD_RUNPATH_SEARCH_PATHS = (
					"$(inherited)",
					"@executable_path/Frameworks",
				);
				MARKETING_VERSION = 1.0;
				PRODUCT_BUNDLE_IDENTIFIER = Choi.InstaSearchView;
				PRODUCT_NAME = "$(TARGET_NAME)";
				SWIFT_EMIT_LOC_STRINGS = YES;
				SWIFT_VERSION = 5.0;
				TARGETED_DEVICE_FAMILY = "1,2";
			};
			name = Debug;
		};
		CD03BAB32A5ADDF100A54F85 /* Release */ = {
			isa = XCBuildConfiguration;
			buildSettings = {
				ASSETCATALOG_COMPILER_APPICON_NAME = AppIcon;
				ASSETCATALOG_COMPILER_GLOBAL_ACCENT_COLOR_NAME = AccentColor;
				CODE_SIGN_STYLE = Automatic;
				CURRENT_PROJECT_VERSION = 1;
				DEVELOPMENT_TEAM = P3KXNQ9736;
				GENERATE_INFOPLIST_FILE = YES;
				INFOPLIST_FILE = InstaSearchView/Info.plist;
				INFOPLIST_KEY_UIApplicationSupportsIndirectInputEvents = YES;
				INFOPLIST_KEY_UILaunchStoryboardName = LaunchScreen;
				INFOPLIST_KEY_UIMainStoryboardFile = Main;
				INFOPLIST_KEY_UISupportedInterfaceOrientations_iPad = "UIInterfaceOrientationPortrait UIInterfaceOrientationPortraitUpsideDown UIInterfaceOrientationLandscapeLeft UIInterfaceOrientationLandscapeRight";
				INFOPLIST_KEY_UISupportedInterfaceOrientations_iPhone = "UIInterfaceOrientationPortrait UIInterfaceOrientationLandscapeLeft UIInterfaceOrientationLandscapeRight";
				LD_RUNPATH_SEARCH_PATHS = (
					"$(inherited)",
					"@executable_path/Frameworks",
				);
				MARKETING_VERSION = 1.0;
				PRODUCT_BUNDLE_IDENTIFIER = Choi.InstaSearchView;
				PRODUCT_NAME = "$(TARGET_NAME)";
				SWIFT_EMIT_LOC_STRINGS = YES;
				SWIFT_VERSION = 5.0;
				TARGETED_DEVICE_FAMILY = "1,2";
			};
			name = Release;
		};
		CD03BAB52A5ADDF100A54F85 /* Debug */ = {
			isa = XCBuildConfiguration;
			buildSettings = {
				ALWAYS_EMBED_SWIFT_STANDARD_LIBRARIES = YES;
				BUNDLE_LOADER = "$(TEST_HOST)";
				CODE_SIGN_STYLE = Automatic;
				CURRENT_PROJECT_VERSION = 1;
				DEVELOPMENT_TEAM = P3KXNQ9736;
				GENERATE_INFOPLIST_FILE = YES;
				IPHONEOS_DEPLOYMENT_TARGET = 16.2;
				MARKETING_VERSION = 1.0;
				PRODUCT_BUNDLE_IDENTIFIER = Choi.InstaSearchViewTests;
				PRODUCT_NAME = "$(TARGET_NAME)";
				SWIFT_EMIT_LOC_STRINGS = NO;
				SWIFT_VERSION = 5.0;
				TARGETED_DEVICE_FAMILY = "1,2";
				TEST_HOST = "$(BUILT_PRODUCTS_DIR)/InstaSearchView.app/$(BUNDLE_EXECUTABLE_FOLDER_PATH)/InstaSearchView";
			};
			name = Debug;
		};
		CD03BAB62A5ADDF100A54F85 /* Release */ = {
			isa = XCBuildConfiguration;
			buildSettings = {
				ALWAYS_EMBED_SWIFT_STANDARD_LIBRARIES = YES;
				BUNDLE_LOADER = "$(TEST_HOST)";
				CODE_SIGN_STYLE = Automatic;
				CURRENT_PROJECT_VERSION = 1;
				DEVELOPMENT_TEAM = P3KXNQ9736;
				GENERATE_INFOPLIST_FILE = YES;
				IPHONEOS_DEPLOYMENT_TARGET = 16.2;
				MARKETING_VERSION = 1.0;
				PRODUCT_BUNDLE_IDENTIFIER = Choi.InstaSearchViewTests;
				PRODUCT_NAME = "$(TARGET_NAME)";
				SWIFT_EMIT_LOC_STRINGS = NO;
				SWIFT_VERSION = 5.0;
				TARGETED_DEVICE_FAMILY = "1,2";
				TEST_HOST = "$(BUILT_PRODUCTS_DIR)/InstaSearchView.app/$(BUNDLE_EXECUTABLE_FOLDER_PATH)/InstaSearchView";
			};
			name = Release;
		};
		CD03BAB82A5ADDF100A54F85 /* Debug */ = {
			isa = XCBuildConfiguration;
			buildSettings = {
				ALWAYS_EMBED_SWIFT_STANDARD_LIBRARIES = YES;
				CODE_SIGN_STYLE = Automatic;
				CURRENT_PROJECT_VERSION = 1;
				DEVELOPMENT_TEAM = P3KXNQ9736;
				GENERATE_INFOPLIST_FILE = YES;
				MARKETING_VERSION = 1.0;
				PRODUCT_BUNDLE_IDENTIFIER = Choi.InstaSearchViewUITests;
				PRODUCT_NAME = "$(TARGET_NAME)";
				SWIFT_EMIT_LOC_STRINGS = NO;
				SWIFT_VERSION = 5.0;
				TARGETED_DEVICE_FAMILY = "1,2";
				TEST_TARGET_NAME = InstaSearchView;
			};
			name = Debug;
		};
		CD03BAB92A5ADDF100A54F85 /* Release */ = {
			isa = XCBuildConfiguration;
			buildSettings = {
				ALWAYS_EMBED_SWIFT_STANDARD_LIBRARIES = YES;
				CODE_SIGN_STYLE = Automatic;
				CURRENT_PROJECT_VERSION = 1;
				DEVELOPMENT_TEAM = P3KXNQ9736;
				GENERATE_INFOPLIST_FILE = YES;
				MARKETING_VERSION = 1.0;
				PRODUCT_BUNDLE_IDENTIFIER = Choi.InstaSearchViewUITests;
				PRODUCT_NAME = "$(TARGET_NAME)";
				SWIFT_EMIT_LOC_STRINGS = NO;
				SWIFT_VERSION = 5.0;
				TARGETED_DEVICE_FAMILY = "1,2";
				TEST_TARGET_NAME = InstaSearchView;
			};
			name = Release;
		};
/* End XCBuildConfiguration section */

/* Begin XCConfigurationList section */
		CD03BA822A5ADDF000A54F85 /* Build configuration list for PBXProject "InstaSearchView" */ = {
			isa = XCConfigurationList;
			buildConfigurations = (
				CD03BAAF2A5ADDF100A54F85 /* Debug */,
				CD03BAB02A5ADDF100A54F85 /* Release */,
			);
			defaultConfigurationIsVisible = 0;
			defaultConfigurationName = Release;
		};
		CD03BAB12A5ADDF100A54F85 /* Build configuration list for PBXNativeTarget "InstaSearchView" */ = {
			isa = XCConfigurationList;
			buildConfigurations = (
				CD03BAB22A5ADDF100A54F85 /* Debug */,
				CD03BAB32A5ADDF100A54F85 /* Release */,
			);
			defaultConfigurationIsVisible = 0;
			defaultConfigurationName = Release;
		};
		CD03BAB42A5ADDF100A54F85 /* Build configuration list for PBXNativeTarget "InstaSearchViewTests" */ = {
			isa = XCConfigurationList;
			buildConfigurations = (
				CD03BAB52A5ADDF100A54F85 /* Debug */,
				CD03BAB62A5ADDF100A54F85 /* Release */,
			);
			defaultConfigurationIsVisible = 0;
			defaultConfigurationName = Release;
		};
		CD03BAB72A5ADDF100A54F85 /* Build configuration list for PBXNativeTarget "InstaSearchViewUITests" */ = {
			isa = XCConfigurationList;
			buildConfigurations = (
				CD03BAB82A5ADDF100A54F85 /* Debug */,
				CD03BAB92A5ADDF100A54F85 /* Release */,
			);
			defaultConfigurationIsVisible = 0;
			defaultConfigurationName = Release;
		};
/* End XCConfigurationList section */
	};
	rootObject = CD03BA7F2A5ADDF000A54F85 /* Project object */;
}
