// !$*UTF8*$!
{
	archiveVersion = 1;
	classes = {
	};
	objectVersion = 56;
	objects = {

/* Begin PBXBuildFile section */
		CD3E65E92A444AB7002ACC66 /* AppDelegate.swift in Sources */ = {isa = PBXBuildFile; fileRef = CD3E65E82A444AB7002ACC66 /* AppDelegate.swift */; };
		CD3E65EB2A444AB7002ACC66 /* SceneDelegate.swift in Sources */ = {isa = PBXBuildFile; fileRef = CD3E65EA2A444AB7002ACC66 /* SceneDelegate.swift */; };
		CD3E65ED2A444AB7002ACC66 /* ViewController.swift in Sources */ = {isa = PBXBuildFile; fileRef = CD3E65EC2A444AB7002ACC66 /* ViewController.swift */; };
		CD3E65F02A444AB7002ACC66 /* Main.storyboard in Resources */ = {isa = PBXBuildFile; fileRef = CD3E65EE2A444AB7002ACC66 /* Main.storyboard */; };
		CD3E65F22A444AB8002ACC66 /* Assets.xcassets in Resources */ = {isa = PBXBuildFile; fileRef = CD3E65F12A444AB8002ACC66 /* Assets.xcassets */; };
		CD3E65F52A444AB8002ACC66 /* LaunchScreen.storyboard in Resources */ = {isa = PBXBuildFile; fileRef = CD3E65F32A444AB8002ACC66 /* LaunchScreen.storyboard */; };
		CD3E66002A444AB8002ACC66 /* StockRankTests.swift in Sources */ = {isa = PBXBuildFile; fileRef = CD3E65FF2A444AB8002ACC66 /* StockRankTests.swift */; };
		CD3E660A2A444AB8002ACC66 /* StockRankUITests.swift in Sources */ = {isa = PBXBuildFile; fileRef = CD3E66092A444AB8002ACC66 /* StockRankUITests.swift */; };
		CD3E660C2A444AB8002ACC66 /* StockRankUITestsLaunchTests.swift in Sources */ = {isa = PBXBuildFile; fileRef = CD3E660B2A444AB8002ACC66 /* StockRankUITestsLaunchTests.swift */; };
		CD3E661A2A444ACB002ACC66 /* Stock.swift in Sources */ = {isa = PBXBuildFile; fileRef = CD3E66192A444ACB002ACC66 /* Stock.swift */; };
/* End PBXBuildFile section */

/* Begin PBXContainerItemProxy section */
		CD3E65FC2A444AB8002ACC66 /* PBXContainerItemProxy */ = {
			isa = PBXContainerItemProxy;
			containerPortal = CD3E65DD2A444AB7002ACC66 /* Project object */;
			proxyType = 1;
			remoteGlobalIDString = CD3E65E42A444AB7002ACC66;
			remoteInfo = StockRank;
		};
		CD3E66062A444AB8002ACC66 /* PBXContainerItemProxy */ = {
			isa = PBXContainerItemProxy;
			containerPortal = CD3E65DD2A444AB7002ACC66 /* Project object */;
			proxyType = 1;
			remoteGlobalIDString = CD3E65E42A444AB7002ACC66;
			remoteInfo = StockRank;
		};
/* End PBXContainerItemProxy section */

/* Begin PBXFileReference section */
		CD3E65E52A444AB7002ACC66 /* StockRank.app */ = {isa = PBXFileReference; explicitFileType = wrapper.application; includeInIndex = 0; path = StockRank.app; sourceTree = BUILT_PRODUCTS_DIR; };
		CD3E65E82A444AB7002ACC66 /* AppDelegate.swift */ = {isa = PBXFileReference; lastKnownFileType = sourcecode.swift; path = AppDelegate.swift; sourceTree = "<group>"; };
		CD3E65EA2A444AB7002ACC66 /* SceneDelegate.swift */ = {isa = PBXFileReference; lastKnownFileType = sourcecode.swift; path = SceneDelegate.swift; sourceTree = "<group>"; };
		CD3E65EC2A444AB7002ACC66 /* ViewController.swift */ = {isa = PBXFileReference; lastKnownFileType = sourcecode.swift; path = ViewController.swift; sourceTree = "<group>"; };
		CD3E65EF2A444AB7002ACC66 /* Base */ = {isa = PBXFileReference; lastKnownFileType = file.storyboard; name = Base; path = Base.lproj/Main.storyboard; sourceTree = "<group>"; };
		CD3E65F12A444AB8002ACC66 /* Assets.xcassets */ = {isa = PBXFileReference; lastKnownFileType = folder.assetcatalog; path = Assets.xcassets; sourceTree = "<group>"; };
		CD3E65F42A444AB8002ACC66 /* Base */ = {isa = PBXFileReference; lastKnownFileType = file.storyboard; name = Base; path = Base.lproj/LaunchScreen.storyboard; sourceTree = "<group>"; };
		CD3E65F62A444AB8002ACC66 /* Info.plist */ = {isa = PBXFileReference; lastKnownFileType = text.plist.xml; path = Info.plist; sourceTree = "<group>"; };
		CD3E65FB2A444AB8002ACC66 /* StockRankTests.xctest */ = {isa = PBXFileReference; explicitFileType = wrapper.cfbundle; includeInIndex = 0; path = StockRankTests.xctest; sourceTree = BUILT_PRODUCTS_DIR; };
		CD3E65FF2A444AB8002ACC66 /* StockRankTests.swift */ = {isa = PBXFileReference; lastKnownFileType = sourcecode.swift; path = StockRankTests.swift; sourceTree = "<group>"; };
		CD3E66052A444AB8002ACC66 /* StockRankUITests.xctest */ = {isa = PBXFileReference; explicitFileType = wrapper.cfbundle; includeInIndex = 0; path = StockRankUITests.xctest; sourceTree = BUILT_PRODUCTS_DIR; };
		CD3E66092A444AB8002ACC66 /* StockRankUITests.swift */ = {isa = PBXFileReference; lastKnownFileType = sourcecode.swift; path = StockRankUITests.swift; sourceTree = "<group>"; };
		CD3E660B2A444AB8002ACC66 /* StockRankUITestsLaunchTests.swift */ = {isa = PBXFileReference; lastKnownFileType = sourcecode.swift; path = StockRankUITestsLaunchTests.swift; sourceTree = "<group>"; };
		CD3E66192A444ACB002ACC66 /* Stock.swift */ = {isa = PBXFileReference; lastKnownFileType = sourcecode.swift; path = Stock.swift; sourceTree = "<group>"; };
/* End PBXFileReference section */

/* Begin PBXFrameworksBuildPhase section */
		CD3E65E22A444AB7002ACC66 /* Frameworks */ = {
			isa = PBXFrameworksBuildPhase;
			buildActionMask = 2147483647;
			files = (
			);
			runOnlyForDeploymentPostprocessing = 0;
		};
		CD3E65F82A444AB8002ACC66 /* Frameworks */ = {
			isa = PBXFrameworksBuildPhase;
			buildActionMask = 2147483647;
			files = (
			);
			runOnlyForDeploymentPostprocessing = 0;
		};
		CD3E66022A444AB8002ACC66 /* Frameworks */ = {
			isa = PBXFrameworksBuildPhase;
			buildActionMask = 2147483647;
			files = (
			);
			runOnlyForDeploymentPostprocessing = 0;
		};
/* End PBXFrameworksBuildPhase section */

/* Begin PBXGroup section */
		CD3E65DC2A444AB7002ACC66 = {
			isa = PBXGroup;
			children = (
				CD3E65E72A444AB7002ACC66 /* StockRank */,
				CD3E65FE2A444AB8002ACC66 /* StockRankTests */,
				CD3E66082A444AB8002ACC66 /* StockRankUITests */,
				CD3E65E62A444AB7002ACC66 /* Products */,
			);
			sourceTree = "<group>";
		};
		CD3E65E62A444AB7002ACC66 /* Products */ = {
			isa = PBXGroup;
			children = (
				CD3E65E52A444AB7002ACC66 /* StockRank.app */,
				CD3E65FB2A444AB8002ACC66 /* StockRankTests.xctest */,
				CD3E66052A444AB8002ACC66 /* StockRankUITests.xctest */,
			);
			name = Products;
			sourceTree = "<group>";
		};
		CD3E65E72A444AB7002ACC66 /* StockRank */ = {
			isa = PBXGroup;
			children = (
				CD3E66182A444AC3002ACC66 /* Model */,
				CD3E65E82A444AB7002ACC66 /* AppDelegate.swift */,
				CD3E65EA2A444AB7002ACC66 /* SceneDelegate.swift */,
				CD3E65EC2A444AB7002ACC66 /* ViewController.swift */,
				CD3E65EE2A444AB7002ACC66 /* Main.storyboard */,
				CD3E65F12A444AB8002ACC66 /* Assets.xcassets */,
				CD3E65F32A444AB8002ACC66 /* LaunchScreen.storyboard */,
				CD3E65F62A444AB8002ACC66 /* Info.plist */,
			);
			path = StockRank;
			sourceTree = "<group>";
		};
		CD3E65FE2A444AB8002ACC66 /* StockRankTests */ = {
			isa = PBXGroup;
			children = (
				CD3E65FF2A444AB8002ACC66 /* StockRankTests.swift */,
			);
			path = StockRankTests;
			sourceTree = "<group>";
		};
		CD3E66082A444AB8002ACC66 /* StockRankUITests */ = {
			isa = PBXGroup;
			children = (
				CD3E66092A444AB8002ACC66 /* StockRankUITests.swift */,
				CD3E660B2A444AB8002ACC66 /* StockRankUITestsLaunchTests.swift */,
			);
			path = StockRankUITests;
			sourceTree = "<group>";
		};
		CD3E66182A444AC3002ACC66 /* Model */ = {
			isa = PBXGroup;
			children = (
				CD3E66192A444ACB002ACC66 /* Stock.swift */,
			);
			path = Model;
			sourceTree = "<group>";
		};
/* End PBXGroup section */

/* Begin PBXNativeTarget section */
		CD3E65E42A444AB7002ACC66 /* StockRank */ = {
			isa = PBXNativeTarget;
			buildConfigurationList = CD3E660F2A444AB8002ACC66 /* Build configuration list for PBXNativeTarget "StockRank" */;
			buildPhases = (
				CD3E65E12A444AB7002ACC66 /* Sources */,
				CD3E65E22A444AB7002ACC66 /* Frameworks */,
				CD3E65E32A444AB7002ACC66 /* Resources */,
			);
			buildRules = (
			);
			dependencies = (
			);
			name = StockRank;
			productName = StockRank;
			productReference = CD3E65E52A444AB7002ACC66 /* StockRank.app */;
			productType = "com.apple.product-type.application";
		};
		CD3E65FA2A444AB8002ACC66 /* StockRankTests */ = {
			isa = PBXNativeTarget;
			buildConfigurationList = CD3E66122A444AB8002ACC66 /* Build configuration list for PBXNativeTarget "StockRankTests" */;
			buildPhases = (
				CD3E65F72A444AB8002ACC66 /* Sources */,
				CD3E65F82A444AB8002ACC66 /* Frameworks */,
				CD3E65F92A444AB8002ACC66 /* Resources */,
			);
			buildRules = (
			);
			dependencies = (
				CD3E65FD2A444AB8002ACC66 /* PBXTargetDependency */,
			);
			name = StockRankTests;
			productName = StockRankTests;
			productReference = CD3E65FB2A444AB8002ACC66 /* StockRankTests.xctest */;
			productType = "com.apple.product-type.bundle.unit-test";
		};
		CD3E66042A444AB8002ACC66 /* StockRankUITests */ = {
			isa = PBXNativeTarget;
			buildConfigurationList = CD3E66152A444AB8002ACC66 /* Build configuration list for PBXNativeTarget "StockRankUITests" */;
			buildPhases = (
				CD3E66012A444AB8002ACC66 /* Sources */,
				CD3E66022A444AB8002ACC66 /* Frameworks */,
				CD3E66032A444AB8002ACC66 /* Resources */,
			);
			buildRules = (
			);
			dependencies = (
				CD3E66072A444AB8002ACC66 /* PBXTargetDependency */,
			);
			name = StockRankUITests;
			productName = StockRankUITests;
			productReference = CD3E66052A444AB8002ACC66 /* StockRankUITests.xctest */;
			productType = "com.apple.product-type.bundle.ui-testing";
		};
/* End PBXNativeTarget section */

/* Begin PBXProject section */
		CD3E65DD2A444AB7002ACC66 /* Project object */ = {
			isa = PBXProject;
			attributes = {
				BuildIndependentTargetsInParallel = 1;
				LastSwiftUpdateCheck = 1420;
				LastUpgradeCheck = 1420;
				TargetAttributes = {
					CD3E65E42A444AB7002ACC66 = {
						CreatedOnToolsVersion = 14.2;
					};
					CD3E65FA2A444AB8002ACC66 = {
						CreatedOnToolsVersion = 14.2;
						TestTargetID = CD3E65E42A444AB7002ACC66;
					};
					CD3E66042A444AB8002ACC66 = {
						CreatedOnToolsVersion = 14.2;
						TestTargetID = CD3E65E42A444AB7002ACC66;
					};
				};
			};
			buildConfigurationList = CD3E65E02A444AB7002ACC66 /* Build configuration list for PBXProject "StockRank" */;
			compatibilityVersion = "Xcode 14.0";
			developmentRegion = en;
			hasScannedForEncodings = 0;
			knownRegions = (
				en,
				Base,
			);
			mainGroup = CD3E65DC2A444AB7002ACC66;
			productRefGroup = CD3E65E62A444AB7002ACC66 /* Products */;
			projectDirPath = "";
			projectRoot = "";
			targets = (
				CD3E65E42A444AB7002ACC66 /* StockRank */,
				CD3E65FA2A444AB8002ACC66 /* StockRankTests */,
				CD3E66042A444AB8002ACC66 /* StockRankUITests */,
			);
		};
/* End PBXProject section */

/* Begin PBXResourcesBuildPhase section */
		CD3E65E32A444AB7002ACC66 /* Resources */ = {
			isa = PBXResourcesBuildPhase;
			buildActionMask = 2147483647;
			files = (
				CD3E65F52A444AB8002ACC66 /* LaunchScreen.storyboard in Resources */,
				CD3E65F22A444AB8002ACC66 /* Assets.xcassets in Resources */,
				CD3E65F02A444AB7002ACC66 /* Main.storyboard in Resources */,
			);
			runOnlyForDeploymentPostprocessing = 0;
		};
		CD3E65F92A444AB8002ACC66 /* Resources */ = {
			isa = PBXResourcesBuildPhase;
			buildActionMask = 2147483647;
			files = (
			);
			runOnlyForDeploymentPostprocessing = 0;
		};
		CD3E66032A444AB8002ACC66 /* Resources */ = {
			isa = PBXResourcesBuildPhase;
			buildActionMask = 2147483647;
			files = (
			);
			runOnlyForDeploymentPostprocessing = 0;
		};
/* End PBXResourcesBuildPhase section */

/* Begin PBXSourcesBuildPhase section */
		CD3E65E12A444AB7002ACC66 /* Sources */ = {
			isa = PBXSourcesBuildPhase;
			buildActionMask = 2147483647;
			files = (
				CD3E65ED2A444AB7002ACC66 /* ViewController.swift in Sources */,
				CD3E65E92A444AB7002ACC66 /* AppDelegate.swift in Sources */,
				CD3E661A2A444ACB002ACC66 /* Stock.swift in Sources */,
				CD3E65EB2A444AB7002ACC66 /* SceneDelegate.swift in Sources */,
			);
			runOnlyForDeploymentPostprocessing = 0;
		};
		CD3E65F72A444AB8002ACC66 /* Sources */ = {
			isa = PBXSourcesBuildPhase;
			buildActionMask = 2147483647;
			files = (
				CD3E66002A444AB8002ACC66 /* StockRankTests.swift in Sources */,
			);
			runOnlyForDeploymentPostprocessing = 0;
		};
		CD3E66012A444AB8002ACC66 /* Sources */ = {
			isa = PBXSourcesBuildPhase;
			buildActionMask = 2147483647;
			files = (
				CD3E660A2A444AB8002ACC66 /* StockRankUITests.swift in Sources */,
				CD3E660C2A444AB8002ACC66 /* StockRankUITestsLaunchTests.swift in Sources */,
			);
			runOnlyForDeploymentPostprocessing = 0;
		};
/* End PBXSourcesBuildPhase section */

/* Begin PBXTargetDependency section */
		CD3E65FD2A444AB8002ACC66 /* PBXTargetDependency */ = {
			isa = PBXTargetDependency;
			target = CD3E65E42A444AB7002ACC66 /* StockRank */;
			targetProxy = CD3E65FC2A444AB8002ACC66 /* PBXContainerItemProxy */;
		};
		CD3E66072A444AB8002ACC66 /* PBXTargetDependency */ = {
			isa = PBXTargetDependency;
			target = CD3E65E42A444AB7002ACC66 /* StockRank */;
			targetProxy = CD3E66062A444AB8002ACC66 /* PBXContainerItemProxy */;
		};
/* End PBXTargetDependency section */

/* Begin PBXVariantGroup section */
		CD3E65EE2A444AB7002ACC66 /* Main.storyboard */ = {
			isa = PBXVariantGroup;
			children = (
				CD3E65EF2A444AB7002ACC66 /* Base */,
			);
			name = Main.storyboard;
			sourceTree = "<group>";
		};
		CD3E65F32A444AB8002ACC66 /* LaunchScreen.storyboard */ = {
			isa = PBXVariantGroup;
			children = (
				CD3E65F42A444AB8002ACC66 /* Base */,
			);
			name = LaunchScreen.storyboard;
			sourceTree = "<group>";
		};
/* End PBXVariantGroup section */

/* Begin XCBuildConfiguration section */
		CD3E660D2A444AB8002ACC66 /* Debug */ = {
			isa = XCBuildConfiguration;
			buildSettings = {
				ALWAYS_SEARCH_USER_PATHS = NO;
				CLANG_ANALYZER_NONNULL = YES;
				CLANG_ANALYZER_NUMBER_OBJECT_CONVERSION = YES_AGGRESSIVE;
				CLANG_CXX_LANGUAGE_STANDARD = "gnu++20";
				CLANG_ENABLE_MODULES = YES;
				CLANG_ENABLE_OBJC_ARC = YES;
				CLANG_ENABLE_OBJC_WEAK = YES;
				CLANG_WARN_BLOCK_CAPTURE_AUTORELEASING = YES;
				CLANG_WARN_BOOL_CONVERSION = YES;
				CLANG_WARN_COMMA = YES;
				CLANG_WARN_CONSTANT_CONVERSION = YES;
				CLANG_WARN_DEPRECATED_OBJC_IMPLEMENTATIONS = YES;
				CLANG_WARN_DIRECT_OBJC_ISA_USAGE = YES_ERROR;
				CLANG_WARN_DOCUMENTATION_COMMENTS = YES;
				CLANG_WARN_EMPTY_BODY = YES;
				CLANG_WARN_ENUM_CONVERSION = YES;
				CLANG_WARN_INFINITE_RECURSION = YES;
				CLANG_WARN_INT_CONVERSION = YES;
				CLANG_WARN_NON_LITERAL_NULL_CONVERSION = YES;
				CLANG_WARN_OBJC_IMPLICIT_RETAIN_SELF = YES;
				CLANG_WARN_OBJC_LITERAL_CONVERSION = YES;
				CLANG_WARN_OBJC_ROOT_CLASS = YES_ERROR;
				CLANG_WARN_QUOTED_INCLUDE_IN_FRAMEWORK_HEADER = YES;
				CLANG_WARN_RANGE_LOOP_ANALYSIS = YES;
				CLANG_WARN_STRICT_PROTOTYPES = YES;
				CLANG_WARN_SUSPICIOUS_MOVE = YES;
				CLANG_WARN_UNGUARDED_AVAILABILITY = YES_AGGRESSIVE;
				CLANG_WARN_UNREACHABLE_CODE = YES;
				CLANG_WARN__DUPLICATE_METHOD_MATCH = YES;
				COPY_PHASE_STRIP = NO;
				DEBUG_INFORMATION_FORMAT = dwarf;
				ENABLE_STRICT_OBJC_MSGSEND = YES;
				ENABLE_TESTABILITY = YES;
				GCC_C_LANGUAGE_STANDARD = gnu11;
				GCC_DYNAMIC_NO_PIC = NO;
				GCC_NO_COMMON_BLOCKS = YES;
				GCC_OPTIMIZATION_LEVEL = 0;
				GCC_PREPROCESSOR_DEFINITIONS = (
					"DEBUG=1",
					"$(inherited)",
				);
				GCC_WARN_64_TO_32_BIT_CONVERSION = YES;
				GCC_WARN_ABOUT_RETURN_TYPE = YES_ERROR;
				GCC_WARN_UNDECLARED_SELECTOR = YES;
				GCC_WARN_UNINITIALIZED_AUTOS = YES_AGGRESSIVE;
				GCC_WARN_UNUSED_FUNCTION = YES;
				GCC_WARN_UNUSED_VARIABLE = YES;
				IPHONEOS_DEPLOYMENT_TARGET = 16.2;
				MTL_ENABLE_DEBUG_INFO = INCLUDE_SOURCE;
				MTL_FAST_MATH = YES;
				ONLY_ACTIVE_ARCH = YES;
				SDKROOT = iphoneos;
				SWIFT_ACTIVE_COMPILATION_CONDITIONS = DEBUG;
				SWIFT_OPTIMIZATION_LEVEL = "-Onone";
			};
			name = Debug;
		};
		CD3E660E2A444AB8002ACC66 /* Release */ = {
			isa = XCBuildConfiguration;
			buildSettings = {
				ALWAYS_SEARCH_USER_PATHS = NO;
				CLANG_ANALYZER_NONNULL = YES;
				CLANG_ANALYZER_NUMBER_OBJECT_CONVERSION = YES_AGGRESSIVE;
				CLANG_CXX_LANGUAGE_STANDARD = "gnu++20";
				CLANG_ENABLE_MODULES = YES;
				CLANG_ENABLE_OBJC_ARC = YES;
				CLANG_ENABLE_OBJC_WEAK = YES;
				CLANG_WARN_BLOCK_CAPTURE_AUTORELEASING = YES;
				CLANG_WARN_BOOL_CONVERSION = YES;
				CLANG_WARN_COMMA = YES;
				CLANG_WARN_CONSTANT_CONVERSION = YES;
				CLANG_WARN_DEPRECATED_OBJC_IMPLEMENTATIONS = YES;
				CLANG_WARN_DIRECT_OBJC_ISA_USAGE = YES_ERROR;
				CLANG_WARN_DOCUMENTATION_COMMENTS = YES;
				CLANG_WARN_EMPTY_BODY = YES;
				CLANG_WARN_ENUM_CONVERSION = YES;
				CLANG_WARN_INFINITE_RECURSION = YES;
				CLANG_WARN_INT_CONVERSION = YES;
				CLANG_WARN_NON_LITERAL_NULL_CONVERSION = YES;
				CLANG_WARN_OBJC_IMPLICIT_RETAIN_SELF = YES;
				CLANG_WARN_OBJC_LITERAL_CONVERSION = YES;
				CLANG_WARN_OBJC_ROOT_CLASS = YES_ERROR;
				CLANG_WARN_QUOTED_INCLUDE_IN_FRAMEWORK_HEADER = YES;
				CLANG_WARN_RANGE_LOOP_ANALYSIS = YES;
				CLANG_WARN_STRICT_PROTOTYPES = YES;
				CLANG_WARN_SUSPICIOUS_MOVE = YES;
				CLANG_WARN_UNGUARDED_AVAILABILITY = YES_AGGRESSIVE;
				CLANG_WARN_UNREACHABLE_CODE = YES;
				CLANG_WARN__DUPLICATE_METHOD_MATCH = YES;
				COPY_PHASE_STRIP = NO;
				DEBUG_INFORMATION_FORMAT = "dwarf-with-dsym";
				ENABLE_NS_ASSERTIONS = NO;
				ENABLE_STRICT_OBJC_MSGSEND = YES;
				GCC_C_LANGUAGE_STANDARD = gnu11;
				GCC_NO_COMMON_BLOCKS = YES;
				GCC_WARN_64_TO_32_BIT_CONVERSION = YES;
				GCC_WARN_ABOUT_RETURN_TYPE = YES_ERROR;
				GCC_WARN_UNDECLARED_SELECTOR = YES;
				GCC_WARN_UNINITIALIZED_AUTOS = YES_AGGRESSIVE;
				GCC_WARN_UNUSED_FUNCTION = YES;
				GCC_WARN_UNUSED_VARIABLE = YES;
				IPHONEOS_DEPLOYMENT_TARGET = 16.2;
				MTL_ENABLE_DEBUG_INFO = NO;
				MTL_FAST_MATH = YES;
				SDKROOT = iphoneos;
				SWIFT_COMPILATION_MODE = wholemodule;
				SWIFT_OPTIMIZATION_LEVEL = "-O";
				VALIDATE_PRODUCT = YES;
			};
			name = Release;
		};
		CD3E66102A444AB8002ACC66 /* Debug */ = {
			isa = XCBuildConfiguration;
			buildSettings = {
				ASSETCATALOG_COMPILER_APPICON_NAME = AppIcon;
				ASSETCATALOG_COMPILER_GLOBAL_ACCENT_COLOR_NAME = AccentColor;
				CODE_SIGN_STYLE = Automatic;
				CURRENT_PROJECT_VERSION = 1;
				DEVELOPMENT_TEAM = P3KXNQ9736;
				GENERATE_INFOPLIST_FILE = YES;
				INFOPLIST_FILE = StockRank/Info.plist;
				INFOPLIST_KEY_UIApplicationSupportsIndirectInputEvents = YES;
				INFOPLIST_KEY_UILaunchStoryboardName = LaunchScreen;
				INFOPLIST_KEY_UIMainStoryboardFile = Main;
				INFOPLIST_KEY_UISupportedInterfaceOrientations_iPad = "UIInterfaceOrientationPortrait UIInterfaceOrientationPortraitUpsideDown UIInterfaceOrientationLandscapeLeft UIInterfaceOrientationLandscapeRight";
				INFOPLIST_KEY_UISupportedInterfaceOrientations_iPhone = "UIInterfaceOrientationPortrait UIInterfaceOrientationLandscapeLeft UIInterfaceOrientationLandscapeRight";
				LD_RUNPATH_SEARCH_PATHS = (
					"$(inherited)",
					"@executable_path/Frameworks",
				);
				MARKETING_VERSION = 1.0;
				PRODUCT_BUNDLE_IDENTIFIER = Choi.StockRank;
				PRODUCT_NAME = "$(TARGET_NAME)";
				SWIFT_EMIT_LOC_STRINGS = YES;
				SWIFT_VERSION = 5.0;
				TARGETED_DEVICE_FAMILY = "1,2";
			};
			name = Debug;
		};
		CD3E66112A444AB8002ACC66 /* Release */ = {
			isa = XCBuildConfiguration;
			buildSettings = {
				ASSETCATALOG_COMPILER_APPICON_NAME = AppIcon;
				ASSETCATALOG_COMPILER_GLOBAL_ACCENT_COLOR_NAME = AccentColor;
				CODE_SIGN_STYLE = Automatic;
				CURRENT_PROJECT_VERSION = 1;
				DEVELOPMENT_TEAM = P3KXNQ9736;
				GENERATE_INFOPLIST_FILE = YES;
				INFOPLIST_FILE = StockRank/Info.plist;
				INFOPLIST_KEY_UIApplicationSupportsIndirectInputEvents = YES;
				INFOPLIST_KEY_UILaunchStoryboardName = LaunchScreen;
				INFOPLIST_KEY_UIMainStoryboardFile = Main;
				INFOPLIST_KEY_UISupportedInterfaceOrientations_iPad = "UIInterfaceOrientationPortrait UIInterfaceOrientationPortraitUpsideDown UIInterfaceOrientationLandscapeLeft UIInterfaceOrientationLandscapeRight";
				INFOPLIST_KEY_UISupportedInterfaceOrientations_iPhone = "UIInterfaceOrientationPortrait UIInterfaceOrientationLandscapeLeft UIInterfaceOrientationLandscapeRight";
				LD_RUNPATH_SEARCH_PATHS = (
					"$(inherited)",
					"@executable_path/Frameworks",
				);
				MARKETING_VERSION = 1.0;
				PRODUCT_BUNDLE_IDENTIFIER = Choi.StockRank;
				PRODUCT_NAME = "$(TARGET_NAME)";
				SWIFT_EMIT_LOC_STRINGS = YES;
				SWIFT_VERSION = 5.0;
				TARGETED_DEVICE_FAMILY = "1,2";
			};
			name = Release;
		};
		CD3E66132A444AB8002ACC66 /* Debug */ = {
			isa = XCBuildConfiguration;
			buildSettings = {
				ALWAYS_EMBED_SWIFT_STANDARD_LIBRARIES = YES;
				BUNDLE_LOADER = "$(TEST_HOST)";
				CODE_SIGN_STYLE = Automatic;
				CURRENT_PROJECT_VERSION = 1;
				DEVELOPMENT_TEAM = P3KXNQ9736;
				GENERATE_INFOPLIST_FILE = YES;
				IPHONEOS_DEPLOYMENT_TARGET = 16.2;
				MARKETING_VERSION = 1.0;
				PRODUCT_BUNDLE_IDENTIFIER = Choi.StockRankTests;
				PRODUCT_NAME = "$(TARGET_NAME)";
				SWIFT_EMIT_LOC_STRINGS = NO;
				SWIFT_VERSION = 5.0;
				TARGETED_DEVICE_FAMILY = "1,2";
				TEST_HOST = "$(BUILT_PRODUCTS_DIR)/StockRank.app/$(BUNDLE_EXECUTABLE_FOLDER_PATH)/StockRank";
			};
			name = Debug;
		};
		CD3E66142A444AB8002ACC66 /* Release */ = {
			isa = XCBuildConfiguration;
			buildSettings = {
				ALWAYS_EMBED_SWIFT_STANDARD_LIBRARIES = YES;
				BUNDLE_LOADER = "$(TEST_HOST)";
				CODE_SIGN_STYLE = Automatic;
				CURRENT_PROJECT_VERSION = 1;
				DEVELOPMENT_TEAM = P3KXNQ9736;
				GENERATE_INFOPLIST_FILE = YES;
				IPHONEOS_DEPLOYMENT_TARGET = 16.2;
				MARKETING_VERSION = 1.0;
				PRODUCT_BUNDLE_IDENTIFIER = Choi.StockRankTests;
				PRODUCT_NAME = "$(TARGET_NAME)";
				SWIFT_EMIT_LOC_STRINGS = NO;
				SWIFT_VERSION = 5.0;
				TARGETED_DEVICE_FAMILY = "1,2";
				TEST_HOST = "$(BUILT_PRODUCTS_DIR)/StockRank.app/$(BUNDLE_EXECUTABLE_FOLDER_PATH)/StockRank";
			};
			name = Release;
		};
		CD3E66162A444AB8002ACC66 /* Debug */ = {
			isa = XCBuildConfiguration;
			buildSettings = {
				ALWAYS_EMBED_SWIFT_STANDARD_LIBRARIES = YES;
				CODE_SIGN_STYLE = Automatic;
				CURRENT_PROJECT_VERSION = 1;
				DEVELOPMENT_TEAM = P3KXNQ9736;
				GENERATE_INFOPLIST_FILE = YES;
				MARKETING_VERSION = 1.0;
				PRODUCT_BUNDLE_IDENTIFIER = Choi.StockRankUITests;
				PRODUCT_NAME = "$(TARGET_NAME)";
				SWIFT_EMIT_LOC_STRINGS = NO;
				SWIFT_VERSION = 5.0;
				TARGETED_DEVICE_FAMILY = "1,2";
				TEST_TARGET_NAME = StockRank;
			};
			name = Debug;
		};
		CD3E66172A444AB8002ACC66 /* Release */ = {
			isa = XCBuildConfiguration;
			buildSettings = {
				ALWAYS_EMBED_SWIFT_STANDARD_LIBRARIES = YES;
				CODE_SIGN_STYLE = Automatic;
				CURRENT_PROJECT_VERSION = 1;
				DEVELOPMENT_TEAM = P3KXNQ9736;
				GENERATE_INFOPLIST_FILE = YES;
				MARKETING_VERSION = 1.0;
				PRODUCT_BUNDLE_IDENTIFIER = Choi.StockRankUITests;
				PRODUCT_NAME = "$(TARGET_NAME)";
				SWIFT_EMIT_LOC_STRINGS = NO;
				SWIFT_VERSION = 5.0;
				TARGETED_DEVICE_FAMILY = "1,2";
				TEST_TARGET_NAME = StockRank;
			};
			name = Release;
		};
/* End XCBuildConfiguration section */

/* Begin XCConfigurationList section */
		CD3E65E02A444AB7002ACC66 /* Build configuration list for PBXProject "StockRank" */ = {
			isa = XCConfigurationList;
			buildConfigurations = (
				CD3E660D2A444AB8002ACC66 /* Debug */,
				CD3E660E2A444AB8002ACC66 /* Release */,
			);
			defaultConfigurationIsVisible = 0;
			defaultConfigurationName = Release;
		};
		CD3E660F2A444AB8002ACC66 /* Build configuration list for PBXNativeTarget "StockRank" */ = {
			isa = XCConfigurationList;
			buildConfigurations = (
				CD3E66102A444AB8002ACC66 /* Debug */,
				CD3E66112A444AB8002ACC66 /* Release */,
			);
			defaultConfigurationIsVisible = 0;
			defaultConfigurationName = Release;
		};
		CD3E66122A444AB8002ACC66 /* Build configuration list for PBXNativeTarget "StockRankTests" */ = {
			isa = XCConfigurationList;
			buildConfigurations = (
				CD3E66132A444AB8002ACC66 /* Debug */,
				CD3E66142A444AB8002ACC66 /* Release */,
			);
			defaultConfigurationIsVisible = 0;
			defaultConfigurationName = Release;
		};
		CD3E66152A444AB8002ACC66 /* Build configuration list for PBXNativeTarget "StockRankUITests" */ = {
			isa = XCConfigurationList;
			buildConfigurations = (
				CD3E66162A444AB8002ACC66 /* Debug */,
				CD3E66172A444AB8002ACC66 /* Release */,
			);
			defaultConfigurationIsVisible = 0;
			defaultConfigurationName = Release;
		};
/* End XCConfigurationList section */
	};
	rootObject = CD3E65DD2A444AB7002ACC66 /* Project object */;
}
