// !$*UTF8*$!
{
	archiveVersion = 1;
	classes = {
	};
	objectVersion = 56;
	objects = {

/* Begin PBXBuildFile section */
		CD39E9C72A40437400EDBC48 /* AppDelegate.swift in Sources */ = {isa = PBXBuildFile; fileRef = CD39E9C62A40437400EDBC48 /* AppDelegate.swift */; };
		CD39E9C92A40437400EDBC48 /* SceneDelegate.swift in Sources */ = {isa = PBXBuildFile; fileRef = CD39E9C82A40437400EDBC48 /* SceneDelegate.swift */; };
		CD39E9CB2A40437400EDBC48 /* ReminderListViewController.swift in Sources */ = {isa = PBXBuildFile; fileRef = CD39E9CA2A40437400EDBC48 /* ReminderListViewController.swift */; };
		CD39E9CE2A40437400EDBC48 /* Main.storyboard in Resources */ = {isa = PBXBuildFile; fileRef = CD39E9CC2A40437400EDBC48 /* Main.storyboard */; };
		CD39E9D02A40437500EDBC48 /* Assets.xcassets in Resources */ = {isa = PBXBuildFile; fileRef = CD39E9CF2A40437500EDBC48 /* Assets.xcassets */; };
		CD39E9D32A40437500EDBC48 /* LaunchScreen.storyboard in Resources */ = {isa = PBXBuildFile; fileRef = CD39E9D12A40437500EDBC48 /* LaunchScreen.storyboard */; };
		CD39E9DE2A40437500EDBC48 /* TodayTests.swift in Sources */ = {isa = PBXBuildFile; fileRef = CD39E9DD2A40437500EDBC48 /* TodayTests.swift */; };
		CD39E9E82A40437500EDBC48 /* TodayUITests.swift in Sources */ = {isa = PBXBuildFile; fileRef = CD39E9E72A40437500EDBC48 /* TodayUITests.swift */; };
		CD39E9EA2A40437500EDBC48 /* TodayUITestsLaunchTests.swift in Sources */ = {isa = PBXBuildFile; fileRef = CD39E9E92A40437500EDBC48 /* TodayUITestsLaunchTests.swift */; };
		CD39E9F82A4047AF00EDBC48 /* Reminder.swift in Sources */ = {isa = PBXBuildFile; fileRef = CD39E9F72A4047AF00EDBC48 /* Reminder.swift */; };
/* End PBXBuildFile section */

/* Begin PBXContainerItemProxy section */
		CD39E9DA2A40437500EDBC48 /* PBXContainerItemProxy */ = {
			isa = PBXContainerItemProxy;
			containerPortal = CD39E9BB2A40437400EDBC48 /* Project object */;
			proxyType = 1;
			remoteGlobalIDString = CD39E9C22A40437400EDBC48;
			remoteInfo = Today;
		};
		CD39E9E42A40437500EDBC48 /* PBXContainerItemProxy */ = {
			isa = PBXContainerItemProxy;
			containerPortal = CD39E9BB2A40437400EDBC48 /* Project object */;
			proxyType = 1;
			remoteGlobalIDString = CD39E9C22A40437400EDBC48;
			remoteInfo = Today;
		};
/* End PBXContainerItemProxy section */

/* Begin PBXFileReference section */
		CD39E9C32A40437400EDBC48 /* Today.app */ = {isa = PBXFileReference; explicitFileType = wrapper.application; includeInIndex = 0; path = Today.app; sourceTree = BUILT_PRODUCTS_DIR; };
		CD39E9C62A40437400EDBC48 /* AppDelegate.swift */ = {isa = PBXFileReference; lastKnownFileType = sourcecode.swift; path = AppDelegate.swift; sourceTree = "<group>"; };
		CD39E9C82A40437400EDBC48 /* SceneDelegate.swift */ = {isa = PBXFileReference; lastKnownFileType = sourcecode.swift; path = SceneDelegate.swift; sourceTree = "<group>"; };
		CD39E9CA2A40437400EDBC48 /* ReminderListViewController.swift */ = {isa = PBXFileReference; lastKnownFileType = sourcecode.swift; path = ReminderListViewController.swift; sourceTree = "<group>"; };
		CD39E9CD2A40437400EDBC48 /* Base */ = {isa = PBXFileReference; lastKnownFileType = file.storyboard; name = Base; path = Base.lproj/Main.storyboard; sourceTree = "<group>"; };
		CD39E9CF2A40437500EDBC48 /* Assets.xcassets */ = {isa = PBXFileReference; lastKnownFileType = folder.assetcatalog; path = Assets.xcassets; sourceTree = "<group>"; };
		CD39E9D22A40437500EDBC48 /* Base */ = {isa = PBXFileReference; lastKnownFileType = file.storyboard; name = Base; path = Base.lproj/LaunchScreen.storyboard; sourceTree = "<group>"; };
		CD39E9D42A40437500EDBC48 /* Info.plist */ = {isa = PBXFileReference; lastKnownFileType = text.plist.xml; path = Info.plist; sourceTree = "<group>"; };
		CD39E9D92A40437500EDBC48 /* TodayTests.xctest */ = {isa = PBXFileReference; explicitFileType = wrapper.cfbundle; includeInIndex = 0; path = TodayTests.xctest; sourceTree = BUILT_PRODUCTS_DIR; };
		CD39E9DD2A40437500EDBC48 /* TodayTests.swift */ = {isa = PBXFileReference; lastKnownFileType = sourcecode.swift; path = TodayTests.swift; sourceTree = "<group>"; };
		CD39E9E32A40437500EDBC48 /* TodayUITests.xctest */ = {isa = PBXFileReference; explicitFileType = wrapper.cfbundle; includeInIndex = 0; path = TodayUITests.xctest; sourceTree = BUILT_PRODUCTS_DIR; };
		CD39E9E72A40437500EDBC48 /* TodayUITests.swift */ = {isa = PBXFileReference; lastKnownFileType = sourcecode.swift; path = TodayUITests.swift; sourceTree = "<group>"; };
		CD39E9E92A40437500EDBC48 /* TodayUITestsLaunchTests.swift */ = {isa = PBXFileReference; lastKnownFileType = sourcecode.swift; path = TodayUITestsLaunchTests.swift; sourceTree = "<group>"; };
		CD39E9F72A4047AF00EDBC48 /* Reminder.swift */ = {isa = PBXFileReference; lastKnownFileType = sourcecode.swift; path = Reminder.swift; sourceTree = "<group>"; };
/* End PBXFileReference section */

/* Begin PBXFrameworksBuildPhase section */
		CD39E9C02A40437400EDBC48 /* Frameworks */ = {
			isa = PBXFrameworksBuildPhase;
			buildActionMask = 2147483647;
			files = (
			);
			runOnlyForDeploymentPostprocessing = 0;
		};
		CD39E9D62A40437500EDBC48 /* Frameworks */ = {
			isa = PBXFrameworksBuildPhase;
			buildActionMask = 2147483647;
			files = (
			);
			runOnlyForDeploymentPostprocessing = 0;
		};
		CD39E9E02A40437500EDBC48 /* Frameworks */ = {
			isa = PBXFrameworksBuildPhase;
			buildActionMask = 2147483647;
			files = (
			);
			runOnlyForDeploymentPostprocessing = 0;
		};
/* End PBXFrameworksBuildPhase section */

/* Begin PBXGroup section */
		CD39E9BA2A40437400EDBC48 = {
			isa = PBXGroup;
			children = (
				CD39E9C52A40437400EDBC48 /* Today */,
				CD39E9DC2A40437500EDBC48 /* TodayTests */,
				CD39E9E62A40437500EDBC48 /* TodayUITests */,
				CD39E9C42A40437400EDBC48 /* Products */,
			);
			sourceTree = "<group>";
		};
		CD39E9C42A40437400EDBC48 /* Products */ = {
			isa = PBXGroup;
			children = (
				CD39E9C32A40437400EDBC48 /* Today.app */,
				CD39E9D92A40437500EDBC48 /* TodayTests.xctest */,
				CD39E9E32A40437500EDBC48 /* TodayUITests.xctest */,
			);
			name = Products;
			sourceTree = "<group>";
		};
		CD39E9C52A40437400EDBC48 /* Today */ = {
			isa = PBXGroup;
			children = (
				CD39E9F62A40478F00EDBC48 /* Models */,
				CD39E9C62A40437400EDBC48 /* AppDelegate.swift */,
				CD39E9C82A40437400EDBC48 /* SceneDelegate.swift */,
				CD39E9CA2A40437400EDBC48 /* ReminderListViewController.swift */,
				CD39E9CC2A40437400EDBC48 /* Main.storyboard */,
				CD39E9CF2A40437500EDBC48 /* Assets.xcassets */,
				CD39E9D12A40437500EDBC48 /* LaunchScreen.storyboard */,
				CD39E9D42A40437500EDBC48 /* Info.plist */,
			);
			path = Today;
			sourceTree = "<group>";
		};
		CD39E9DC2A40437500EDBC48 /* TodayTests */ = {
			isa = PBXGroup;
			children = (
				CD39E9DD2A40437500EDBC48 /* TodayTests.swift */,
			);
			path = TodayTests;
			sourceTree = "<group>";
		};
		CD39E9E62A40437500EDBC48 /* TodayUITests */ = {
			isa = PBXGroup;
			children = (
				CD39E9E72A40437500EDBC48 /* TodayUITests.swift */,
				CD39E9E92A40437500EDBC48 /* TodayUITestsLaunchTests.swift */,
			);
			path = TodayUITests;
			sourceTree = "<group>";
		};
		CD39E9F62A40478F00EDBC48 /* Models */ = {
			isa = PBXGroup;
			children = (
				CD39E9F72A4047AF00EDBC48 /* Reminder.swift */,
			);
			path = Models;
			sourceTree = "<group>";
		};
/* End PBXGroup section */

/* Begin PBXNativeTarget section */
		CD39E9C22A40437400EDBC48 /* Today */ = {
			isa = PBXNativeTarget;
			buildConfigurationList = CD39E9ED2A40437500EDBC48 /* Build configuration list for PBXNativeTarget "Today" */;
			buildPhases = (
				CD39E9BF2A40437400EDBC48 /* Sources */,
				CD39E9C02A40437400EDBC48 /* Frameworks */,
				CD39E9C12A40437400EDBC48 /* Resources */,
			);
			buildRules = (
			);
			dependencies = (
			);
			name = Today;
			productName = Today;
			productReference = CD39E9C32A40437400EDBC48 /* Today.app */;
			productType = "com.apple.product-type.application";
		};
		CD39E9D82A40437500EDBC48 /* TodayTests */ = {
			isa = PBXNativeTarget;
			buildConfigurationList = CD39E9F02A40437500EDBC48 /* Build configuration list for PBXNativeTarget "TodayTests" */;
			buildPhases = (
				CD39E9D52A40437500EDBC48 /* Sources */,
				CD39E9D62A40437500EDBC48 /* Frameworks */,
				CD39E9D72A40437500EDBC48 /* Resources */,
			);
			buildRules = (
			);
			dependencies = (
				CD39E9DB2A40437500EDBC48 /* PBXTargetDependency */,
			);
			name = TodayTests;
			productName = TodayTests;
			productReference = CD39E9D92A40437500EDBC48 /* TodayTests.xctest */;
			productType = "com.apple.product-type.bundle.unit-test";
		};
		CD39E9E22A40437500EDBC48 /* TodayUITests */ = {
			isa = PBXNativeTarget;
			buildConfigurationList = CD39E9F32A40437500EDBC48 /* Build configuration list for PBXNativeTarget "TodayUITests" */;
			buildPhases = (
				CD39E9DF2A40437500EDBC48 /* Sources */,
				CD39E9E02A40437500EDBC48 /* Frameworks */,
				CD39E9E12A40437500EDBC48 /* Resources */,
			);
			buildRules = (
			);
			dependencies = (
				CD39E9E52A40437500EDBC48 /* PBXTargetDependency */,
			);
			name = TodayUITests;
			productName = TodayUITests;
			productReference = CD39E9E32A40437500EDBC48 /* TodayUITests.xctest */;
			productType = "com.apple.product-type.bundle.ui-testing";
		};
/* End PBXNativeTarget section */

/* Begin PBXProject section */
		CD39E9BB2A40437400EDBC48 /* Project object */ = {
			isa = PBXProject;
			attributes = {
				BuildIndependentTargetsInParallel = 1;
				LastSwiftUpdateCheck = 1420;
				LastUpgradeCheck = 1420;
				TargetAttributes = {
					CD39E9C22A40437400EDBC48 = {
						CreatedOnToolsVersion = 14.2;
					};
					CD39E9D82A40437500EDBC48 = {
						CreatedOnToolsVersion = 14.2;
						TestTargetID = CD39E9C22A40437400EDBC48;
					};
					CD39E9E22A40437500EDBC48 = {
						CreatedOnToolsVersion = 14.2;
						TestTargetID = CD39E9C22A40437400EDBC48;
					};
				};
			};
			buildConfigurationList = CD39E9BE2A40437400EDBC48 /* Build configuration list for PBXProject "Today" */;
			compatibilityVersion = "Xcode 14.0";
			developmentRegion = en;
			hasScannedForEncodings = 0;
			knownRegions = (
				en,
				Base,
			);
			mainGroup = CD39E9BA2A40437400EDBC48;
			productRefGroup = CD39E9C42A40437400EDBC48 /* Products */;
			projectDirPath = "";
			projectRoot = "";
			targets = (
				CD39E9C22A40437400EDBC48 /* Today */,
				CD39E9D82A40437500EDBC48 /* TodayTests */,
				CD39E9E22A40437500EDBC48 /* TodayUITests */,
			);
		};
/* End PBXProject section */

/* Begin PBXResourcesBuildPhase section */
		CD39E9C12A40437400EDBC48 /* Resources */ = {
			isa = PBXResourcesBuildPhase;
			buildActionMask = 2147483647;
			files = (
				CD39E9D32A40437500EDBC48 /* LaunchScreen.storyboard in Resources */,
				CD39E9D02A40437500EDBC48 /* Assets.xcassets in Resources */,
				CD39E9CE2A40437400EDBC48 /* Main.storyboard in Resources */,
			);
			runOnlyForDeploymentPostprocessing = 0;
		};
		CD39E9D72A40437500EDBC48 /* Resources */ = {
			isa = PBXResourcesBuildPhase;
			buildActionMask = 2147483647;
			files = (
			);
			runOnlyForDeploymentPostprocessing = 0;
		};
		CD39E9E12A40437500EDBC48 /* Resources */ = {
			isa = PBXResourcesBuildPhase;
			buildActionMask = 2147483647;
			files = (
			);
			runOnlyForDeploymentPostprocessing = 0;
		};
/* End PBXResourcesBuildPhase section */

/* Begin PBXSourcesBuildPhase section */
		CD39E9BF2A40437400EDBC48 /* Sources */ = {
			isa = PBXSourcesBuildPhase;
			buildActionMask = 2147483647;
			files = (
				CD39E9CB2A40437400EDBC48 /* ReminderListViewController.swift in Sources */,
				CD39E9C72A40437400EDBC48 /* AppDelegate.swift in Sources */,
				CD39E9C92A40437400EDBC48 /* SceneDelegate.swift in Sources */,
				CD39E9F82A4047AF00EDBC48 /* Reminder.swift in Sources */,
			);
			runOnlyForDeploymentPostprocessing = 0;
		};
		CD39E9D52A40437500EDBC48 /* Sources */ = {
			isa = PBXSourcesBuildPhase;
			buildActionMask = 2147483647;
			files = (
				CD39E9DE2A40437500EDBC48 /* TodayTests.swift in Sources */,
			);
			runOnlyForDeploymentPostprocessing = 0;
		};
		CD39E9DF2A40437500EDBC48 /* Sources */ = {
			isa = PBXSourcesBuildPhase;
			buildActionMask = 2147483647;
			files = (
				CD39E9EA2A40437500EDBC48 /* TodayUITestsLaunchTests.swift in Sources */,
				CD39E9E82A40437500EDBC48 /* TodayUITests.swift in Sources */,
			);
			runOnlyForDeploymentPostprocessing = 0;
		};
/* End PBXSourcesBuildPhase section */

/* Begin PBXTargetDependency section */
		CD39E9DB2A40437500EDBC48 /* PBXTargetDependency */ = {
			isa = PBXTargetDependency;
			target = CD39E9C22A40437400EDBC48 /* Today */;
			targetProxy = CD39E9DA2A40437500EDBC48 /* PBXContainerItemProxy */;
		};
		CD39E9E52A40437500EDBC48 /* PBXTargetDependency */ = {
			isa = PBXTargetDependency;
			target = CD39E9C22A40437400EDBC48 /* Today */;
			targetProxy = CD39E9E42A40437500EDBC48 /* PBXContainerItemProxy */;
		};
/* End PBXTargetDependency section */

/* Begin PBXVariantGroup section */
		CD39E9CC2A40437400EDBC48 /* Main.storyboard */ = {
			isa = PBXVariantGroup;
			children = (
				CD39E9CD2A40437400EDBC48 /* Base */,
			);
			name = Main.storyboard;
			sourceTree = "<group>";
		};
		CD39E9D12A40437500EDBC48 /* LaunchScreen.storyboard */ = {
			isa = PBXVariantGroup;
			children = (
				CD39E9D22A40437500EDBC48 /* Base */,
			);
			name = LaunchScreen.storyboard;
			sourceTree = "<group>";
		};
/* End PBXVariantGroup section */

/* Begin XCBuildConfiguration section */
		CD39E9EB2A40437500EDBC48 /* Debug */ = {
			isa = XCBuildConfiguration;
			buildSettings = {
				ALWAYS_SEARCH_USER_PATHS = NO;
				CLANG_ANALYZER_NONNULL = YES;
				CLANG_ANALYZER_NUMBER_OBJECT_CONVERSION = YES_AGGRESSIVE;
				CLANG_CXX_LANGUAGE_STANDARD = "gnu++20";
				CLANG_ENABLE_MODULES = YES;
				CLANG_ENABLE_OBJC_ARC = YES;
				CLANG_ENABLE_OBJC_WEAK = YES;
				CLANG_WARN_BLOCK_CAPTURE_AUTORELEASING = YES;
				CLANG_WARN_BOOL_CONVERSION = YES;
				CLANG_WARN_COMMA = YES;
				CLANG_WARN_CONSTANT_CONVERSION = YES;
				CLANG_WARN_DEPRECATED_OBJC_IMPLEMENTATIONS = YES;
				CLANG_WARN_DIRECT_OBJC_ISA_USAGE = YES_ERROR;
				CLANG_WARN_DOCUMENTATION_COMMENTS = YES;
				CLANG_WARN_EMPTY_BODY = YES;
				CLANG_WARN_ENUM_CONVERSION = YES;
				CLANG_WARN_INFINITE_RECURSION = YES;
				CLANG_WARN_INT_CONVERSION = YES;
				CLANG_WARN_NON_LITERAL_NULL_CONVERSION = YES;
				CLANG_WARN_OBJC_IMPLICIT_RETAIN_SELF = YES;
				CLANG_WARN_OBJC_LITERAL_CONVERSION = YES;
				CLANG_WARN_OBJC_ROOT_CLASS = YES_ERROR;
				CLANG_WARN_QUOTED_INCLUDE_IN_FRAMEWORK_HEADER = YES;
				CLANG_WARN_RANGE_LOOP_ANALYSIS = YES;
				CLANG_WARN_STRICT_PROTOTYPES = YES;
				CLANG_WARN_SUSPICIOUS_MOVE = YES;
				CLANG_WARN_UNGUARDED_AVAILABILITY = YES_AGGRESSIVE;
				CLANG_WARN_UNREACHABLE_CODE = YES;
				CLANG_WARN__DUPLICATE_METHOD_MATCH = YES;
				COPY_PHASE_STRIP = NO;
				DEBUG_INFORMATION_FORMAT = dwarf;
				ENABLE_STRICT_OBJC_MSGSEND = YES;
				ENABLE_TESTABILITY = YES;
				GCC_C_LANGUAGE_STANDARD = gnu11;
				GCC_DYNAMIC_NO_PIC = NO;
				GCC_NO_COMMON_BLOCKS = YES;
				GCC_OPTIMIZATION_LEVEL = 0;
				GCC_PREPROCESSOR_DEFINITIONS = (
					"DEBUG=1",
					"$(inherited)",
				);
				GCC_WARN_64_TO_32_BIT_CONVERSION = YES;
				GCC_WARN_ABOUT_RETURN_TYPE = YES_ERROR;
				GCC_WARN_UNDECLARED_SELECTOR = YES;
				GCC_WARN_UNINITIALIZED_AUTOS = YES_AGGRESSIVE;
				GCC_WARN_UNUSED_FUNCTION = YES;
				GCC_WARN_UNUSED_VARIABLE = YES;
				IPHONEOS_DEPLOYMENT_TARGET = 16.2;
				MTL_ENABLE_DEBUG_INFO = INCLUDE_SOURCE;
				MTL_FAST_MATH = YES;
				ONLY_ACTIVE_ARCH = YES;
				SDKROOT = iphoneos;
				SWIFT_ACTIVE_COMPILATION_CONDITIONS = DEBUG;
				SWIFT_OPTIMIZATION_LEVEL = "-Onone";
			};
			name = Debug;
		};
		CD39E9EC2A40437500EDBC48 /* Release */ = {
			isa = XCBuildConfiguration;
			buildSettings = {
				ALWAYS_SEARCH_USER_PATHS = NO;
				CLANG_ANALYZER_NONNULL = YES;
				CLANG_ANALYZER_NUMBER_OBJECT_CONVERSION = YES_AGGRESSIVE;
				CLANG_CXX_LANGUAGE_STANDARD = "gnu++20";
				CLANG_ENABLE_MODULES = YES;
				CLANG_ENABLE_OBJC_ARC = YES;
				CLANG_ENABLE_OBJC_WEAK = YES;
				CLANG_WARN_BLOCK_CAPTURE_AUTORELEASING = YES;
				CLANG_WARN_BOOL_CONVERSION = YES;
				CLANG_WARN_COMMA = YES;
				CLANG_WARN_CONSTANT_CONVERSION = YES;
				CLANG_WARN_DEPRECATED_OBJC_IMPLEMENTATIONS = YES;
				CLANG_WARN_DIRECT_OBJC_ISA_USAGE = YES_ERROR;
				CLANG_WARN_DOCUMENTATION_COMMENTS = YES;
				CLANG_WARN_EMPTY_BODY = YES;
				CLANG_WARN_ENUM_CONVERSION = YES;
				CLANG_WARN_INFINITE_RECURSION = YES;
				CLANG_WARN_INT_CONVERSION = YES;
				CLANG_WARN_NON_LITERAL_NULL_CONVERSION = YES;
				CLANG_WARN_OBJC_IMPLICIT_RETAIN_SELF = YES;
				CLANG_WARN_OBJC_LITERAL_CONVERSION = YES;
				CLANG_WARN_OBJC_ROOT_CLASS = YES_ERROR;
				CLANG_WARN_QUOTED_INCLUDE_IN_FRAMEWORK_HEADER = YES;
				CLANG_WARN_RANGE_LOOP_ANALYSIS = YES;
				CLANG_WARN_STRICT_PROTOTYPES = YES;
				CLANG_WARN_SUSPICIOUS_MOVE = YES;
				CLANG_WARN_UNGUARDED_AVAILABILITY = YES_AGGRESSIVE;
				CLANG_WARN_UNREACHABLE_CODE = YES;
				CLANG_WARN__DUPLICATE_METHOD_MATCH = YES;
				COPY_PHASE_STRIP = NO;
				DEBUG_INFORMATION_FORMAT = "dwarf-with-dsym";
				ENABLE_NS_ASSERTIONS = NO;
				ENABLE_STRICT_OBJC_MSGSEND = YES;
				GCC_C_LANGUAGE_STANDARD = gnu11;
				GCC_NO_COMMON_BLOCKS = YES;
				GCC_WARN_64_TO_32_BIT_CONVERSION = YES;
				GCC_WARN_ABOUT_RETURN_TYPE = YES_ERROR;
				GCC_WARN_UNDECLARED_SELECTOR = YES;
				GCC_WARN_UNINITIALIZED_AUTOS = YES_AGGRESSIVE;
				GCC_WARN_UNUSED_FUNCTION = YES;
				GCC_WARN_UNUSED_VARIABLE = YES;
				IPHONEOS_DEPLOYMENT_TARGET = 16.2;
				MTL_ENABLE_DEBUG_INFO = NO;
				MTL_FAST_MATH = YES;
				SDKROOT = iphoneos;
				SWIFT_COMPILATION_MODE = wholemodule;
				SWIFT_OPTIMIZATION_LEVEL = "-O";
				VALIDATE_PRODUCT = YES;
			};
			name = Release;
		};
		CD39E9EE2A40437500EDBC48 /* Debug */ = {
			isa = XCBuildConfiguration;
			buildSettings = {
				ASSETCATALOG_COMPILER_APPICON_NAME = AppIcon;
				ASSETCATALOG_COMPILER_GLOBAL_ACCENT_COLOR_NAME = AccentColor;
				CODE_SIGN_STYLE = Automatic;
				CURRENT_PROJECT_VERSION = 1;
				DEVELOPMENT_TEAM = P3KXNQ9736;
				GENERATE_INFOPLIST_FILE = YES;
				INFOPLIST_FILE = Today/Info.plist;
				INFOPLIST_KEY_UIApplicationSupportsIndirectInputEvents = YES;
				INFOPLIST_KEY_UILaunchStoryboardName = LaunchScreen;
				INFOPLIST_KEY_UIMainStoryboardFile = Main;
				INFOPLIST_KEY_UISupportedInterfaceOrientations_iPad = "UIInterfaceOrientationPortrait UIInterfaceOrientationPortraitUpsideDown UIInterfaceOrientationLandscapeLeft UIInterfaceOrientationLandscapeRight";
				INFOPLIST_KEY_UISupportedInterfaceOrientations_iPhone = "UIInterfaceOrientationPortrait UIInterfaceOrientationLandscapeLeft UIInterfaceOrientationLandscapeRight";
				LD_RUNPATH_SEARCH_PATHS = (
					"$(inherited)",
					"@executable_path/Frameworks",
				);
				MARKETING_VERSION = 1.0;
				PRODUCT_BUNDLE_IDENTIFIER = Choi.Today;
				PRODUCT_NAME = "$(TARGET_NAME)";
				SWIFT_EMIT_LOC_STRINGS = YES;
				SWIFT_VERSION = 5.0;
				TARGETED_DEVICE_FAMILY = "1,2";
			};
			name = Debug;
		};
		CD39E9EF2A40437500EDBC48 /* Release */ = {
			isa = XCBuildConfiguration;
			buildSettings = {
				ASSETCATALOG_COMPILER_APPICON_NAME = AppIcon;
				ASSETCATALOG_COMPILER_GLOBAL_ACCENT_COLOR_NAME = AccentColor;
				CODE_SIGN_STYLE = Automatic;
				CURRENT_PROJECT_VERSION = 1;
				DEVELOPMENT_TEAM = P3KXNQ9736;
				GENERATE_INFOPLIST_FILE = YES;
				INFOPLIST_FILE = Today/Info.plist;
				INFOPLIST_KEY_UIApplicationSupportsIndirectInputEvents = YES;
				INFOPLIST_KEY_UILaunchStoryboardName = LaunchScreen;
				INFOPLIST_KEY_UIMainStoryboardFile = Main;
				INFOPLIST_KEY_UISupportedInterfaceOrientations_iPad = "UIInterfaceOrientationPortrait UIInterfaceOrientationPortraitUpsideDown UIInterfaceOrientationLandscapeLeft UIInterfaceOrientationLandscapeRight";
				INFOPLIST_KEY_UISupportedInterfaceOrientations_iPhone = "UIInterfaceOrientationPortrait UIInterfaceOrientationLandscapeLeft UIInterfaceOrientationLandscapeRight";
				LD_RUNPATH_SEARCH_PATHS = (
					"$(inherited)",
					"@executable_path/Frameworks",
				);
				MARKETING_VERSION = 1.0;
				PRODUCT_BUNDLE_IDENTIFIER = Choi.Today;
				PRODUCT_NAME = "$(TARGET_NAME)";
				SWIFT_EMIT_LOC_STRINGS = YES;
				SWIFT_VERSION = 5.0;
				TARGETED_DEVICE_FAMILY = "1,2";
			};
			name = Release;
		};
		CD39E9F12A40437500EDBC48 /* Debug */ = {
			isa = XCBuildConfiguration;
			buildSettings = {
				ALWAYS_EMBED_SWIFT_STANDARD_LIBRARIES = YES;
				BUNDLE_LOADER = "$(TEST_HOST)";
				CODE_SIGN_STYLE = Automatic;
				CURRENT_PROJECT_VERSION = 1;
				DEVELOPMENT_TEAM = P3KXNQ9736;
				GENERATE_INFOPLIST_FILE = YES;
				IPHONEOS_DEPLOYMENT_TARGET = 16.2;
				MARKETING_VERSION = 1.0;
				PRODUCT_BUNDLE_IDENTIFIER = Choi.TodayTests;
				PRODUCT_NAME = "$(TARGET_NAME)";
				SWIFT_EMIT_LOC_STRINGS = NO;
				SWIFT_VERSION = 5.0;
				TARGETED_DEVICE_FAMILY = "1,2";
				TEST_HOST = "$(BUILT_PRODUCTS_DIR)/Today.app/$(BUNDLE_EXECUTABLE_FOLDER_PATH)/Today";
			};
			name = Debug;
		};
		CD39E9F22A40437500EDBC48 /* Release */ = {
			isa = XCBuildConfiguration;
			buildSettings = {
				ALWAYS_EMBED_SWIFT_STANDARD_LIBRARIES = YES;
				BUNDLE_LOADER = "$(TEST_HOST)";
				CODE_SIGN_STYLE = Automatic;
				CURRENT_PROJECT_VERSION = 1;
				DEVELOPMENT_TEAM = P3KXNQ9736;
				GENERATE_INFOPLIST_FILE = YES;
				IPHONEOS_DEPLOYMENT_TARGET = 16.2;
				MARKETING_VERSION = 1.0;
				PRODUCT_BUNDLE_IDENTIFIER = Choi.TodayTests;
				PRODUCT_NAME = "$(TARGET_NAME)";
				SWIFT_EMIT_LOC_STRINGS = NO;
				SWIFT_VERSION = 5.0;
				TARGETED_DEVICE_FAMILY = "1,2";
				TEST_HOST = "$(BUILT_PRODUCTS_DIR)/Today.app/$(BUNDLE_EXECUTABLE_FOLDER_PATH)/Today";
			};
			name = Release;
		};
		CD39E9F42A40437500EDBC48 /* Debug */ = {
			isa = XCBuildConfiguration;
			buildSettings = {
				ALWAYS_EMBED_SWIFT_STANDARD_LIBRARIES = YES;
				CODE_SIGN_STYLE = Automatic;
				CURRENT_PROJECT_VERSION = 1;
				DEVELOPMENT_TEAM = P3KXNQ9736;
				GENERATE_INFOPLIST_FILE = YES;
				MARKETING_VERSION = 1.0;
				PRODUCT_BUNDLE_IDENTIFIER = Choi.TodayUITests;
				PRODUCT_NAME = "$(TARGET_NAME)";
				SWIFT_EMIT_LOC_STRINGS = NO;
				SWIFT_VERSION = 5.0;
				TARGETED_DEVICE_FAMILY = "1,2";
				TEST_TARGET_NAME = Today;
			};
			name = Debug;
		};
		CD39E9F52A40437500EDBC48 /* Release */ = {
			isa = XCBuildConfiguration;
			buildSettings = {
				ALWAYS_EMBED_SWIFT_STANDARD_LIBRARIES = YES;
				CODE_SIGN_STYLE = Automatic;
				CURRENT_PROJECT_VERSION = 1;
				DEVELOPMENT_TEAM = P3KXNQ9736;
				GENERATE_INFOPLIST_FILE = YES;
				MARKETING_VERSION = 1.0;
				PRODUCT_BUNDLE_IDENTIFIER = Choi.TodayUITests;
				PRODUCT_NAME = "$(TARGET_NAME)";
				SWIFT_EMIT_LOC_STRINGS = NO;
				SWIFT_VERSION = 5.0;
				TARGETED_DEVICE_FAMILY = "1,2";
				TEST_TARGET_NAME = Today;
			};
			name = Release;
		};
/* End XCBuildConfiguration section */

/* Begin XCConfigurationList section */
		CD39E9BE2A40437400EDBC48 /* Build configuration list for PBXProject "Today" */ = {
			isa = XCConfigurationList;
			buildConfigurations = (
				CD39E9EB2A40437500EDBC48 /* Debug */,
				CD39E9EC2A40437500EDBC48 /* Release */,
			);
			defaultConfigurationIsVisible = 0;
			defaultConfigurationName = Release;
		};
		CD39E9ED2A40437500EDBC48 /* Build configuration list for PBXNativeTarget "Today" */ = {
			isa = XCConfigurationList;
			buildConfigurations = (
				CD39E9EE2A40437500EDBC48 /* Debug */,
				CD39E9EF2A40437500EDBC48 /* Release */,
			);
			defaultConfigurationIsVisible = 0;
			defaultConfigurationName = Release;
		};
		CD39E9F02A40437500EDBC48 /* Build configuration list for PBXNativeTarget "TodayTests" */ = {
			isa = XCConfigurationList;
			buildConfigurations = (
				CD39E9F12A40437500EDBC48 /* Debug */,
				CD39E9F22A40437500EDBC48 /* Release */,
			);
			defaultConfigurationIsVisible = 0;
			defaultConfigurationName = Release;
		};
		CD39E9F32A40437500EDBC48 /* Build configuration list for PBXNativeTarget "TodayUITests" */ = {
			isa = XCConfigurationList;
			buildConfigurations = (
				CD39E9F42A40437500EDBC48 /* Debug */,
				CD39E9F52A40437500EDBC48 /* Release */,
			);
			defaultConfigurationIsVisible = 0;
			defaultConfigurationName = Release;
		};
/* End XCConfigurationList section */
	};
	rootObject = CD39E9BB2A40437400EDBC48 /* Project object */;
}
